// !$*UTF8*$!
{
	archiveVersion = 1;
	classes = {
	};
	objectVersion = 56;
	objects = {

/* Begin PBXBuildFile section */
		BE3DD3E12A44FE17009E87E6 /* EssentialFeedAPIEndToEndTests.swift in Sources */ = {isa = PBXBuildFile; fileRef = BE3DD3E02A44FE17009E87E6 /* EssentialFeedAPIEndToEndTests.swift */; };
		BE3DD3E22A44FE17009E87E6 /* EssentialFeed.framework in Frameworks */ = {isa = PBXBuildFile; fileRef = BED41CA22A426A2C00A819D4 /* EssentialFeed.framework */; };
		BE3DD3E82A44FF26009E87E6 /* XCTestCase+MemoryLeakTracking.swift in Sources */ = {isa = PBXBuildFile; fileRef = BE67883E2A44F59E00069276 /* XCTestCase+MemoryLeakTracking.swift */; };
		BE4DBD5129EC0BF9004157D7 /* AppDelegate.swift in Sources */ = {isa = PBXBuildFile; fileRef = BE4DBD5029EC0BF9004157D7 /* AppDelegate.swift */; };
		BE4DBD5329EC0BF9004157D7 /* SceneDelegate.swift in Sources */ = {isa = PBXBuildFile; fileRef = BE4DBD5229EC0BF9004157D7 /* SceneDelegate.swift */; };
		BE4DBD5529EC0BF9004157D7 /* ViewController.swift in Sources */ = {isa = PBXBuildFile; fileRef = BE4DBD5429EC0BF9004157D7 /* ViewController.swift */; };
		BE4DBD5829EC0BF9004157D7 /* Main.storyboard in Resources */ = {isa = PBXBuildFile; fileRef = BE4DBD5629EC0BF9004157D7 /* Main.storyboard */; };
		BE4DBD5A29EC0BFB004157D7 /* Assets.xcassets in Resources */ = {isa = PBXBuildFile; fileRef = BE4DBD5929EC0BFB004157D7 /* Assets.xcassets */; };
		BE4DBD5D29EC0BFB004157D7 /* LaunchScreen.storyboard in Resources */ = {isa = PBXBuildFile; fileRef = BE4DBD5B29EC0BFB004157D7 /* LaunchScreen.storyboard */; };
		BE67883F2A44F59E00069276 /* XCTestCase+MemoryLeakTracking.swift in Sources */ = {isa = PBXBuildFile; fileRef = BE67883E2A44F59E00069276 /* XCTestCase+MemoryLeakTracking.swift */; };
		BE6788412A44F5E100069276 /* URLSessionHTTPClient.swift in Sources */ = {isa = PBXBuildFile; fileRef = BE6788402A44F5E100069276 /* URLSessionHTTPClient.swift */; };
		BE76FD2A2A4597C100932AE3 /* CacheFeedUseCaseTests.swift in Sources */ = {isa = PBXBuildFile; fileRef = BE76FD292A4597C100932AE3 /* CacheFeedUseCaseTests.swift */; };
		BE76FD2D2A45995E00932AE3 /* FeedStore.swift in Sources */ = {isa = PBXBuildFile; fileRef = BE76FD2C2A45995E00932AE3 /* FeedStore.swift */; };
		BE76FD2F2A45998200932AE3 /* LocalFeedLoader.swift in Sources */ = {isa = PBXBuildFile; fileRef = BE76FD2E2A45998200932AE3 /* LocalFeedLoader.swift */; };
		BE76FD312A459BC400932AE3 /* RemoteFeedItem.swift in Sources */ = {isa = PBXBuildFile; fileRef = BE76FD302A459BC400932AE3 /* RemoteFeedItem.swift */; };
		BE76FD332A459C1C00932AE3 /* LocalFeedImage.swift in Sources */ = {isa = PBXBuildFile; fileRef = BE76FD322A459C1C00932AE3 /* LocalFeedImage.swift */; };
		BE76FD352A459C5700932AE3 /* FeedImage.swift in Sources */ = {isa = PBXBuildFile; fileRef = BE76FD342A459C5700932AE3 /* FeedImage.swift */; };
		BE76FD372A45A53A00932AE3 /* LoadFeedFromCacheUseCaseTests.swift in Sources */ = {isa = PBXBuildFile; fileRef = BE76FD362A45A53A00932AE3 /* LoadFeedFromCacheUseCaseTests.swift */; };
		BE76FD3B2A45A61900932AE3 /* FeedStoreSpy.swift in Sources */ = {isa = PBXBuildFile; fileRef = BE76FD3A2A45A61900932AE3 /* FeedStoreSpy.swift */; };
		BE76FD3D2A45A84C00932AE3 /* SharedTestHelpers.swift in Sources */ = {isa = PBXBuildFile; fileRef = BE76FD3C2A45A84C00932AE3 /* SharedTestHelpers.swift */; };
		BE76FD3F2A45A86E00932AE3 /* ValidateFeedCacheUseCaseTests.swift in Sources */ = {isa = PBXBuildFile; fileRef = BE76FD3E2A45A86E00932AE3 /* ValidateFeedCacheUseCaseTests.swift */; };
		BE76FD412A45A8CB00932AE3 /* FeedCacheTestHelpers.swift in Sources */ = {isa = PBXBuildFile; fileRef = BE76FD402A45A8CB00932AE3 /* FeedCacheTestHelpers.swift */; };
		BE9F10EE2A5B710B00D5446B /* CodableFeedStoreTests.swift in Sources */ = {isa = PBXBuildFile; fileRef = BE9F10ED2A5B710B00D5446B /* CodableFeedStoreTests.swift */; };
		BE9F10F02A5B724400D5446B /* CodableFeedStore.swift in Sources */ = {isa = PBXBuildFile; fileRef = BE9F10EF2A5B724400D5446B /* CodableFeedStore.swift */; };
		BEC9D5AA2A4AC79600D26DA4 /* FeedCachePolicy.swift in Sources */ = {isa = PBXBuildFile; fileRef = BEC9D5A92A4AC79600D26DA4 /* FeedCachePolicy.swift */; };
		BECCBF672A43AFBF0042194C /* FeedItemsMapper.swift in Sources */ = {isa = PBXBuildFile; fileRef = BECCBF662A43AFBF0042194C /* FeedItemsMapper.swift */; };
		BECCBF692A43B0340042194C /* HTTPClient.swift in Sources */ = {isa = PBXBuildFile; fileRef = BECCBF682A43B0340042194C /* HTTPClient.swift */; };
		BECCBF6D2A43B26B0042194C /* URLSessionHTTPClientTests.swift in Sources */ = {isa = PBXBuildFile; fileRef = BECCBF6C2A43B26B0042194C /* URLSessionHTTPClientTests.swift */; };
		BED41CA62A426A2C00A819D4 /* EssentialFeed.docc in Sources */ = {isa = PBXBuildFile; fileRef = BED41CA52A426A2C00A819D4 /* EssentialFeed.docc */; };
		BED41CAC2A426A2C00A819D4 /* EssentialFeed.framework in Frameworks */ = {isa = PBXBuildFile; fileRef = BED41CA22A426A2C00A819D4 /* EssentialFeed.framework */; };
		BED41CB22A426A2C00A819D4 /* EssentialFeed.h in Headers */ = {isa = PBXBuildFile; fileRef = BED41CA42A426A2C00A819D4 /* EssentialFeed.h */; settings = {ATTRIBUTES = (Public, ); }; };
		BED41CBA2A426A6F00A819D4 /* FeedItem.swift in Sources */ = {isa = PBXBuildFile; fileRef = BED41CB92A426A6F00A819D4 /* FeedItem.swift */; };
		BED41CBC2A426B7700A819D4 /* FeedLoader.swift in Sources */ = {isa = PBXBuildFile; fileRef = BED41CBB2A426B7700A819D4 /* FeedLoader.swift */; };
		BED41CBF2A426CFE00A819D4 /* LoadFeedFromRemoteUseCaseTests.swift in Sources */ = {isa = PBXBuildFile; fileRef = BED41CBE2A426CFE00A819D4 /* LoadFeedFromRemoteUseCaseTests.swift */; };
		BED41CC22A426EF000A819D4 /* RemoteFeedLoader.swift in Sources */ = {isa = PBXBuildFile; fileRef = BED41CC12A426EF000A819D4 /* RemoteFeedLoader.swift */; };
/* End PBXBuildFile section */

/* Begin PBXContainerItemProxy section */
		BE3DD3E32A44FE17009E87E6 /* PBXContainerItemProxy */ = {
			isa = PBXContainerItemProxy;
			containerPortal = BE4DBD4529EC0BF9004157D7 /* Project object */;
			proxyType = 1;
			remoteGlobalIDString = BED41CA12A426A2C00A819D4;
			remoteInfo = EssentialFeed;
		};
		BED41CAD2A426A2C00A819D4 /* PBXContainerItemProxy */ = {
			isa = PBXContainerItemProxy;
			containerPortal = BE4DBD4529EC0BF9004157D7 /* Project object */;
			proxyType = 1;
			remoteGlobalIDString = BED41CA12A426A2C00A819D4;
			remoteInfo = EssentialFeed;
		};
/* End PBXContainerItemProxy section */

/* Begin PBXFileReference section */
		BE3DD3DE2A44FE17009E87E6 /* EssentialFeedAPIEndToEndTests.xctest */ = {isa = PBXFileReference; explicitFileType = wrapper.cfbundle; includeInIndex = 0; path = EssentialFeedAPIEndToEndTests.xctest; sourceTree = BUILT_PRODUCTS_DIR; };
		BE3DD3E02A44FE17009E87E6 /* EssentialFeedAPIEndToEndTests.swift */ = {isa = PBXFileReference; lastKnownFileType = sourcecode.swift; path = EssentialFeedAPIEndToEndTests.swift; sourceTree = "<group>"; };
		BE4DBD4D29EC0BF9004157D7 /* iOSLeadEssentialsCourse.app */ = {isa = PBXFileReference; explicitFileType = wrapper.application; includeInIndex = 0; path = iOSLeadEssentialsCourse.app; sourceTree = BUILT_PRODUCTS_DIR; };
		BE4DBD5029EC0BF9004157D7 /* AppDelegate.swift */ = {isa = PBXFileReference; lastKnownFileType = sourcecode.swift; path = AppDelegate.swift; sourceTree = "<group>"; };
		BE4DBD5229EC0BF9004157D7 /* SceneDelegate.swift */ = {isa = PBXFileReference; lastKnownFileType = sourcecode.swift; path = SceneDelegate.swift; sourceTree = "<group>"; };
		BE4DBD5429EC0BF9004157D7 /* ViewController.swift */ = {isa = PBXFileReference; lastKnownFileType = sourcecode.swift; path = ViewController.swift; sourceTree = "<group>"; };
		BE4DBD5729EC0BF9004157D7 /* Base */ = {isa = PBXFileReference; lastKnownFileType = file.storyboard; name = Base; path = Base.lproj/Main.storyboard; sourceTree = "<group>"; };
		BE4DBD5929EC0BFB004157D7 /* Assets.xcassets */ = {isa = PBXFileReference; lastKnownFileType = folder.assetcatalog; path = Assets.xcassets; sourceTree = "<group>"; };
		BE4DBD5C29EC0BFB004157D7 /* Base */ = {isa = PBXFileReference; lastKnownFileType = file.storyboard; name = Base; path = Base.lproj/LaunchScreen.storyboard; sourceTree = "<group>"; };
		BE4DBD5E29EC0BFB004157D7 /* Info.plist */ = {isa = PBXFileReference; lastKnownFileType = text.plist.xml; path = Info.plist; sourceTree = "<group>"; };
		BE67883E2A44F59E00069276 /* XCTestCase+MemoryLeakTracking.swift */ = {isa = PBXFileReference; lastKnownFileType = sourcecode.swift; path = "XCTestCase+MemoryLeakTracking.swift"; sourceTree = "<group>"; };
		BE6788402A44F5E100069276 /* URLSessionHTTPClient.swift */ = {isa = PBXFileReference; lastKnownFileType = sourcecode.swift; path = URLSessionHTTPClient.swift; sourceTree = "<group>"; };
		BE76FD292A4597C100932AE3 /* CacheFeedUseCaseTests.swift */ = {isa = PBXFileReference; lastKnownFileType = sourcecode.swift; path = CacheFeedUseCaseTests.swift; sourceTree = "<group>"; };
		BE76FD2C2A45995E00932AE3 /* FeedStore.swift */ = {isa = PBXFileReference; lastKnownFileType = sourcecode.swift; path = FeedStore.swift; sourceTree = "<group>"; };
		BE76FD2E2A45998200932AE3 /* LocalFeedLoader.swift */ = {isa = PBXFileReference; lastKnownFileType = sourcecode.swift; path = LocalFeedLoader.swift; sourceTree = "<group>"; };
		BE76FD302A459BC400932AE3 /* RemoteFeedItem.swift */ = {isa = PBXFileReference; lastKnownFileType = sourcecode.swift; path = RemoteFeedItem.swift; sourceTree = "<group>"; };
		BE76FD322A459C1C00932AE3 /* LocalFeedImage.swift */ = {isa = PBXFileReference; lastKnownFileType = sourcecode.swift; path = LocalFeedImage.swift; sourceTree = "<group>"; };
		BE76FD342A459C5700932AE3 /* FeedImage.swift */ = {isa = PBXFileReference; lastKnownFileType = sourcecode.swift; path = FeedImage.swift; sourceTree = "<group>"; };
		BE76FD362A45A53A00932AE3 /* LoadFeedFromCacheUseCaseTests.swift */ = {isa = PBXFileReference; lastKnownFileType = sourcecode.swift; path = LoadFeedFromCacheUseCaseTests.swift; sourceTree = "<group>"; };
		BE76FD3A2A45A61900932AE3 /* FeedStoreSpy.swift */ = {isa = PBXFileReference; lastKnownFileType = sourcecode.swift; path = FeedStoreSpy.swift; sourceTree = "<group>"; };
		BE76FD3C2A45A84C00932AE3 /* SharedTestHelpers.swift */ = {isa = PBXFileReference; lastKnownFileType = sourcecode.swift; path = SharedTestHelpers.swift; sourceTree = "<group>"; };
		BE76FD3E2A45A86E00932AE3 /* ValidateFeedCacheUseCaseTests.swift */ = {isa = PBXFileReference; lastKnownFileType = sourcecode.swift; path = ValidateFeedCacheUseCaseTests.swift; sourceTree = "<group>"; };
		BE76FD402A45A8CB00932AE3 /* FeedCacheTestHelpers.swift */ = {isa = PBXFileReference; lastKnownFileType = sourcecode.swift; path = FeedCacheTestHelpers.swift; sourceTree = "<group>"; };
		BE9F10ED2A5B710B00D5446B /* CodableFeedStoreTests.swift */ = {isa = PBXFileReference; lastKnownFileType = sourcecode.swift; path = CodableFeedStoreTests.swift; sourceTree = "<group>"; };
		BE9F10EF2A5B724400D5446B /* CodableFeedStore.swift */ = {isa = PBXFileReference; lastKnownFileType = sourcecode.swift; path = CodableFeedStore.swift; sourceTree = "<group>"; };
		BEC9D5A92A4AC79600D26DA4 /* FeedCachePolicy.swift */ = {isa = PBXFileReference; lastKnownFileType = sourcecode.swift; path = FeedCachePolicy.swift; sourceTree = "<group>"; };
		BECCBF662A43AFBF0042194C /* FeedItemsMapper.swift */ = {isa = PBXFileReference; lastKnownFileType = sourcecode.swift; path = FeedItemsMapper.swift; sourceTree = "<group>"; };
		BECCBF682A43B0340042194C /* HTTPClient.swift */ = {isa = PBXFileReference; lastKnownFileType = sourcecode.swift; path = HTTPClient.swift; sourceTree = "<group>"; };
		BECCBF6C2A43B26B0042194C /* URLSessionHTTPClientTests.swift */ = {isa = PBXFileReference; lastKnownFileType = sourcecode.swift; path = URLSessionHTTPClientTests.swift; sourceTree = "<group>"; };
		BED41CA22A426A2C00A819D4 /* EssentialFeed.framework */ = {isa = PBXFileReference; explicitFileType = wrapper.framework; includeInIndex = 0; path = EssentialFeed.framework; sourceTree = BUILT_PRODUCTS_DIR; };
		BED41CA42A426A2C00A819D4 /* EssentialFeed.h */ = {isa = PBXFileReference; lastKnownFileType = sourcecode.c.h; path = EssentialFeed.h; sourceTree = "<group>"; };
		BED41CA52A426A2C00A819D4 /* EssentialFeed.docc */ = {isa = PBXFileReference; lastKnownFileType = folder.documentationcatalog; path = EssentialFeed.docc; sourceTree = "<group>"; };
		BED41CAB2A426A2C00A819D4 /* EssentialFeedTests.xctest */ = {isa = PBXFileReference; explicitFileType = wrapper.cfbundle; includeInIndex = 0; path = EssentialFeedTests.xctest; sourceTree = BUILT_PRODUCTS_DIR; };
		BED41CB92A426A6F00A819D4 /* FeedItem.swift */ = {isa = PBXFileReference; lastKnownFileType = sourcecode.swift; path = FeedItem.swift; sourceTree = "<group>"; };
		BED41CBB2A426B7700A819D4 /* FeedLoader.swift */ = {isa = PBXFileReference; lastKnownFileType = sourcecode.swift; path = FeedLoader.swift; sourceTree = "<group>"; };
		BED41CBE2A426CFE00A819D4 /* LoadFeedFromRemoteUseCaseTests.swift */ = {isa = PBXFileReference; lastKnownFileType = sourcecode.swift; path = LoadFeedFromRemoteUseCaseTests.swift; sourceTree = "<group>"; };
		BED41CC12A426EF000A819D4 /* RemoteFeedLoader.swift */ = {isa = PBXFileReference; lastKnownFileType = sourcecode.swift; path = RemoteFeedLoader.swift; sourceTree = "<group>"; };
/* End PBXFileReference section */

/* Begin PBXFrameworksBuildPhase section */
		BE3DD3DB2A44FE17009E87E6 /* Frameworks */ = {
			isa = PBXFrameworksBuildPhase;
			buildActionMask = 2147483647;
			files = (
				BE3DD3E22A44FE17009E87E6 /* EssentialFeed.framework in Frameworks */,
			);
			runOnlyForDeploymentPostprocessing = 0;
		};
		BE4DBD4A29EC0BF9004157D7 /* Frameworks */ = {
			isa = PBXFrameworksBuildPhase;
			buildActionMask = 2147483647;
			files = (
			);
			runOnlyForDeploymentPostprocessing = 0;
		};
		BED41C9F2A426A2C00A819D4 /* Frameworks */ = {
			isa = PBXFrameworksBuildPhase;
			buildActionMask = 2147483647;
			files = (
			);
			runOnlyForDeploymentPostprocessing = 0;
		};
		BED41CA82A426A2C00A819D4 /* Frameworks */ = {
			isa = PBXFrameworksBuildPhase;
			buildActionMask = 2147483647;
			files = (
				BED41CAC2A426A2C00A819D4 /* EssentialFeed.framework in Frameworks */,
			);
			runOnlyForDeploymentPostprocessing = 0;
		};
/* End PBXFrameworksBuildPhase section */

/* Begin PBXGroup section */
		BE3DD3DF2A44FE17009E87E6 /* EssentialFeedAPIEndToEndTests */ = {
			isa = PBXGroup;
			children = (
				BE3DD3E02A44FE17009E87E6 /* EssentialFeedAPIEndToEndTests.swift */,
			);
			path = EssentialFeedAPIEndToEndTests;
			sourceTree = "<group>";
		};
		BE4DBD4429EC0BF9004157D7 = {
			isa = PBXGroup;
			children = (
				BE4DBD4F29EC0BF9004157D7 /* iOSLeadEssentialsCourse */,
				BED41CA32A426A2C00A819D4 /* EssentialFeed */,
				BED41CAF2A426A2C00A819D4 /* EssentialFeedTests */,
				BE3DD3DF2A44FE17009E87E6 /* EssentialFeedAPIEndToEndTests */,
				BE4DBD4E29EC0BF9004157D7 /* Products */,
			);
			sourceTree = "<group>";
		};
		BE4DBD4E29EC0BF9004157D7 /* Products */ = {
			isa = PBXGroup;
			children = (
				BE4DBD4D29EC0BF9004157D7 /* iOSLeadEssentialsCourse.app */,
				BED41CA22A426A2C00A819D4 /* EssentialFeed.framework */,
				BED41CAB2A426A2C00A819D4 /* EssentialFeedTests.xctest */,
				BE3DD3DE2A44FE17009E87E6 /* EssentialFeedAPIEndToEndTests.xctest */,
			);
			name = Products;
			sourceTree = "<group>";
		};
		BE4DBD4F29EC0BF9004157D7 /* iOSLeadEssentialsCourse */ = {
			isa = PBXGroup;
			children = (
				BE4DBD5029EC0BF9004157D7 /* AppDelegate.swift */,
				BE4DBD5229EC0BF9004157D7 /* SceneDelegate.swift */,
				BE4DBD5429EC0BF9004157D7 /* ViewController.swift */,
				BE4DBD5629EC0BF9004157D7 /* Main.storyboard */,
				BE4DBD5929EC0BFB004157D7 /* Assets.xcassets */,
				BE4DBD5B29EC0BFB004157D7 /* LaunchScreen.storyboard */,
				BE4DBD5E29EC0BFB004157D7 /* Info.plist */,
			);
			path = iOSLeadEssentialsCourse;
			sourceTree = "<group>";
		};
		BE67883D2A44F59700069276 /* Helpers */ = {
			isa = PBXGroup;
			children = (
				BE67883E2A44F59E00069276 /* XCTestCase+MemoryLeakTracking.swift */,
				BE76FD3C2A45A84C00932AE3 /* SharedTestHelpers.swift */,
			);
			path = Helpers;
			sourceTree = "<group>";
		};
		BE6788422A44F60D00069276 /* Feed API */ = {
			isa = PBXGroup;
			children = (
				BED41CBE2A426CFE00A819D4 /* LoadFeedFromRemoteUseCaseTests.swift */,
				BECCBF6C2A43B26B0042194C /* URLSessionHTTPClientTests.swift */,
			);
			path = "Feed API";
			sourceTree = "<group>";
		};
		BE76FD282A45978F00932AE3 /* Feed Cache */ = {
			isa = PBXGroup;
			children = (
				BE76FD392A45A60800932AE3 /* Helpers */,
				BE76FD292A4597C100932AE3 /* CacheFeedUseCaseTests.swift */,
				BE76FD362A45A53A00932AE3 /* LoadFeedFromCacheUseCaseTests.swift */,
				BE76FD3E2A45A86E00932AE3 /* ValidateFeedCacheUseCaseTests.swift */,
				BE9F10ED2A5B710B00D5446B /* CodableFeedStoreTests.swift */,
			);
			path = "Feed Cache";
			sourceTree = "<group>";
		};
		BE76FD2B2A45994F00932AE3 /* Feed Cache */ = {
			isa = PBXGroup;
			children = (
				BE76FD2C2A45995E00932AE3 /* FeedStore.swift */,
				BE76FD322A459C1C00932AE3 /* LocalFeedImage.swift */,
				BE76FD2E2A45998200932AE3 /* LocalFeedLoader.swift */,
				BEC9D5A92A4AC79600D26DA4 /* FeedCachePolicy.swift */,
				BE9F10EF2A5B724400D5446B /* CodableFeedStore.swift */,
			);
			path = "Feed Cache";
			sourceTree = "<group>";
		};
		BE76FD392A45A60800932AE3 /* Helpers */ = {
			isa = PBXGroup;
			children = (
				BE76FD3A2A45A61900932AE3 /* FeedStoreSpy.swift */,
				BE76FD402A45A8CB00932AE3 /* FeedCacheTestHelpers.swift */,
			);
			path = Helpers;
			sourceTree = "<group>";
		};
		BED41CA32A426A2C00A819D4 /* EssentialFeed */ = {
			isa = PBXGroup;
			children = (
				BE76FD2B2A45994F00932AE3 /* Feed Cache */,
				BED41CBD2A426BBA00A819D4 /* Feed Feature */,
				BED41CC02A426EDA00A819D4 /* Feed API */,
				BED41CA42A426A2C00A819D4 /* EssentialFeed.h */,
				BED41CA52A426A2C00A819D4 /* EssentialFeed.docc */,
			);
			path = EssentialFeed;
			sourceTree = "<group>";
		};
		BED41CAF2A426A2C00A819D4 /* EssentialFeedTests */ = {
			isa = PBXGroup;
			children = (
				BE76FD282A45978F00932AE3 /* Feed Cache */,
				BE6788422A44F60D00069276 /* Feed API */,
				BE67883D2A44F59700069276 /* Helpers */,
			);
			path = EssentialFeedTests;
			sourceTree = "<group>";
		};
		BED41CBD2A426BBA00A819D4 /* Feed Feature */ = {
			isa = PBXGroup;
			children = (
				BED41CB92A426A6F00A819D4 /* FeedItem.swift */,
				BED41CBB2A426B7700A819D4 /* FeedLoader.swift */,
				BE76FD342A459C5700932AE3 /* FeedImage.swift */,
			);
			path = "Feed Feature";
			sourceTree = "<group>";
		};
		BED41CC02A426EDA00A819D4 /* Feed API */ = {
			isa = PBXGroup;
			children = (
				BED41CC12A426EF000A819D4 /* RemoteFeedLoader.swift */,
				BECCBF662A43AFBF0042194C /* FeedItemsMapper.swift */,
				BECCBF682A43B0340042194C /* HTTPClient.swift */,
				BE6788402A44F5E100069276 /* URLSessionHTTPClient.swift */,
				BE76FD302A459BC400932AE3 /* RemoteFeedItem.swift */,
			);
			path = "Feed API";
			sourceTree = "<group>";
		};
/* End PBXGroup section */

/* Begin PBXHeadersBuildPhase section */
		BED41C9D2A426A2C00A819D4 /* Headers */ = {
			isa = PBXHeadersBuildPhase;
			buildActionMask = 2147483647;
			files = (
				BED41CB22A426A2C00A819D4 /* EssentialFeed.h in Headers */,
			);
			runOnlyForDeploymentPostprocessing = 0;
		};
/* End PBXHeadersBuildPhase section */

/* Begin PBXNativeTarget section */
		BE3DD3DD2A44FE17009E87E6 /* EssentialFeedAPIEndToEndTests */ = {
			isa = PBXNativeTarget;
			buildConfigurationList = BE3DD3E72A44FE17009E87E6 /* Build configuration list for PBXNativeTarget "EssentialFeedAPIEndToEndTests" */;
			buildPhases = (
				BE3DD3DA2A44FE17009E87E6 /* Sources */,
				BE3DD3DB2A44FE17009E87E6 /* Frameworks */,
				BE3DD3DC2A44FE17009E87E6 /* Resources */,
			);
			buildRules = (
			);
			dependencies = (
				BE3DD3E42A44FE17009E87E6 /* PBXTargetDependency */,
			);
			name = EssentialFeedAPIEndToEndTests;
			productName = EssentialFeedAPIEndToEndTests;
			productReference = BE3DD3DE2A44FE17009E87E6 /* EssentialFeedAPIEndToEndTests.xctest */;
			productType = "com.apple.product-type.bundle.unit-test";
		};
		BE4DBD4C29EC0BF9004157D7 /* iOSLeadEssentialsCourse */ = {
			isa = PBXNativeTarget;
			buildConfigurationList = BE4DBD6129EC0BFB004157D7 /* Build configuration list for PBXNativeTarget "iOSLeadEssentialsCourse" */;
			buildPhases = (
				BE4DBD4929EC0BF9004157D7 /* Sources */,
				BE4DBD4A29EC0BF9004157D7 /* Frameworks */,
				BE4DBD4B29EC0BF9004157D7 /* Resources */,
			);
			buildRules = (
			);
			dependencies = (
			);
			name = iOSLeadEssentialsCourse;
			productName = iOSLeadEssentialsCourse;
			productReference = BE4DBD4D29EC0BF9004157D7 /* iOSLeadEssentialsCourse.app */;
			productType = "com.apple.product-type.application";
		};
		BED41CA12A426A2C00A819D4 /* EssentialFeed */ = {
			isa = PBXNativeTarget;
			buildConfigurationList = BED41CB72A426A2C00A819D4 /* Build configuration list for PBXNativeTarget "EssentialFeed" */;
			buildPhases = (
				BED41C9D2A426A2C00A819D4 /* Headers */,
				BED41C9E2A426A2C00A819D4 /* Sources */,
				BED41C9F2A426A2C00A819D4 /* Frameworks */,
				BED41CA02A426A2C00A819D4 /* Resources */,
			);
			buildRules = (
			);
			dependencies = (
			);
			name = EssentialFeed;
			productName = EssentialFeed;
			productReference = BED41CA22A426A2C00A819D4 /* EssentialFeed.framework */;
			productType = "com.apple.product-type.framework";
		};
		BED41CAA2A426A2C00A819D4 /* EssentialFeedTests */ = {
			isa = PBXNativeTarget;
			buildConfigurationList = BED41CB82A426A2C00A819D4 /* Build configuration list for PBXNativeTarget "EssentialFeedTests" */;
			buildPhases = (
				BED41CA72A426A2C00A819D4 /* Sources */,
				BED41CA82A426A2C00A819D4 /* Frameworks */,
				BED41CA92A426A2C00A819D4 /* Resources */,
			);
			buildRules = (
			);
			dependencies = (
				BED41CAE2A426A2C00A819D4 /* PBXTargetDependency */,
			);
			name = EssentialFeedTests;
			productName = EssentialFeedTests;
			productReference = BED41CAB2A426A2C00A819D4 /* EssentialFeedTests.xctest */;
			productType = "com.apple.product-type.bundle.unit-test";
		};
/* End PBXNativeTarget section */

/* Begin PBXProject section */
		BE4DBD4529EC0BF9004157D7 /* Project object */ = {
			isa = PBXProject;
			attributes = {
				BuildIndependentTargetsInParallel = 1;
				LastSwiftUpdateCheck = 1430;
				LastUpgradeCheck = 1430;
				TargetAttributes = {
					BE3DD3DD2A44FE17009E87E6 = {
						CreatedOnToolsVersion = 14.3.1;
					};
					BE4DBD4C29EC0BF9004157D7 = {
						CreatedOnToolsVersion = 14.3;
					};
					BED41CA12A426A2C00A819D4 = {
						CreatedOnToolsVersion = 14.3.1;
					};
					BED41CAA2A426A2C00A819D4 = {
						CreatedOnToolsVersion = 14.3.1;
					};
				};
			};
			buildConfigurationList = BE4DBD4829EC0BF9004157D7 /* Build configuration list for PBXProject "iOSLeadEssentialsCourse" */;
			compatibilityVersion = "Xcode 14.0";
			developmentRegion = en;
			hasScannedForEncodings = 0;
			knownRegions = (
				en,
				Base,
			);
			mainGroup = BE4DBD4429EC0BF9004157D7;
			productRefGroup = BE4DBD4E29EC0BF9004157D7 /* Products */;
			projectDirPath = "";
			projectRoot = "";
			targets = (
				BE4DBD4C29EC0BF9004157D7 /* iOSLeadEssentialsCourse */,
				BED41CA12A426A2C00A819D4 /* EssentialFeed */,
				BED41CAA2A426A2C00A819D4 /* EssentialFeedTests */,
				BE3DD3DD2A44FE17009E87E6 /* EssentialFeedAPIEndToEndTests */,
			);
		};
/* End PBXProject section */

/* Begin PBXResourcesBuildPhase section */
		BE3DD3DC2A44FE17009E87E6 /* Resources */ = {
			isa = PBXResourcesBuildPhase;
			buildActionMask = 2147483647;
			files = (
			);
			runOnlyForDeploymentPostprocessing = 0;
		};
		BE4DBD4B29EC0BF9004157D7 /* Resources */ = {
			isa = PBXResourcesBuildPhase;
			buildActionMask = 2147483647;
			files = (
				BE4DBD5D29EC0BFB004157D7 /* LaunchScreen.storyboard in Resources */,
				BE4DBD5A29EC0BFB004157D7 /* Assets.xcassets in Resources */,
				BE4DBD5829EC0BF9004157D7 /* Main.storyboard in Resources */,
			);
			runOnlyForDeploymentPostprocessing = 0;
		};
		BED41CA02A426A2C00A819D4 /* Resources */ = {
			isa = PBXResourcesBuildPhase;
			buildActionMask = 2147483647;
			files = (
			);
			runOnlyForDeploymentPostprocessing = 0;
		};
		BED41CA92A426A2C00A819D4 /* Resources */ = {
			isa = PBXResourcesBuildPhase;
			buildActionMask = 2147483647;
			files = (
			);
			runOnlyForDeploymentPostprocessing = 0;
		};
/* End PBXResourcesBuildPhase section */

/* Begin PBXSourcesBuildPhase section */
		BE3DD3DA2A44FE17009E87E6 /* Sources */ = {
			isa = PBXSourcesBuildPhase;
			buildActionMask = 2147483647;
			files = (
				BE3DD3E12A44FE17009E87E6 /* EssentialFeedAPIEndToEndTests.swift in Sources */,
				BE3DD3E82A44FF26009E87E6 /* XCTestCase+MemoryLeakTracking.swift in Sources */,
			);
			runOnlyForDeploymentPostprocessing = 0;
		};
		BE4DBD4929EC0BF9004157D7 /* Sources */ = {
			isa = PBXSourcesBuildPhase;
			buildActionMask = 2147483647;
			files = (
				BE4DBD5529EC0BF9004157D7 /* ViewController.swift in Sources */,
				BE4DBD5129EC0BF9004157D7 /* AppDelegate.swift in Sources */,
				BE4DBD5329EC0BF9004157D7 /* SceneDelegate.swift in Sources */,
			);
			runOnlyForDeploymentPostprocessing = 0;
		};
		BED41C9E2A426A2C00A819D4 /* Sources */ = {
			isa = PBXSourcesBuildPhase;
			buildActionMask = 2147483647;
			files = (
				BE6788412A44F5E100069276 /* URLSessionHTTPClient.swift in Sources */,
				BEC9D5AA2A4AC79600D26DA4 /* FeedCachePolicy.swift in Sources */,
				BECCBF672A43AFBF0042194C /* FeedItemsMapper.swift in Sources */,
				BED41CC22A426EF000A819D4 /* RemoteFeedLoader.swift in Sources */,
				BE76FD2F2A45998200932AE3 /* LocalFeedLoader.swift in Sources */,
				BE76FD2D2A45995E00932AE3 /* FeedStore.swift in Sources */,
				BE76FD352A459C5700932AE3 /* FeedImage.swift in Sources */,
				BECCBF692A43B0340042194C /* HTTPClient.swift in Sources */,
				BE9F10F02A5B724400D5446B /* CodableFeedStore.swift in Sources */,
				BE76FD312A459BC400932AE3 /* RemoteFeedItem.swift in Sources */,
				BE76FD332A459C1C00932AE3 /* LocalFeedImage.swift in Sources */,
				BED41CBC2A426B7700A819D4 /* FeedLoader.swift in Sources */,
				BED41CBA2A426A6F00A819D4 /* FeedItem.swift in Sources */,
				BED41CA62A426A2C00A819D4 /* EssentialFeed.docc in Sources */,
			);
			runOnlyForDeploymentPostprocessing = 0;
		};
		BED41CA72A426A2C00A819D4 /* Sources */ = {
			isa = PBXSourcesBuildPhase;
			buildActionMask = 2147483647;
			files = (
				BE9F10EE2A5B710B00D5446B /* CodableFeedStoreTests.swift in Sources */,
				BED41CBF2A426CFE00A819D4 /* LoadFeedFromRemoteUseCaseTests.swift in Sources */,
				BECCBF6D2A43B26B0042194C /* URLSessionHTTPClientTests.swift in Sources */,
				BE76FD3D2A45A84C00932AE3 /* SharedTestHelpers.swift in Sources */,
				BE76FD3B2A45A61900932AE3 /* FeedStoreSpy.swift in Sources */,
				BE76FD412A45A8CB00932AE3 /* FeedCacheTestHelpers.swift in Sources */,
				BE76FD3F2A45A86E00932AE3 /* ValidateFeedCacheUseCaseTests.swift in Sources */,
				BE76FD2A2A4597C100932AE3 /* CacheFeedUseCaseTests.swift in Sources */,
				BE76FD372A45A53A00932AE3 /* LoadFeedFromCacheUseCaseTests.swift in Sources */,
				BE67883F2A44F59E00069276 /* XCTestCase+MemoryLeakTracking.swift in Sources */,
			);
			runOnlyForDeploymentPostprocessing = 0;
		};
/* End PBXSourcesBuildPhase section */

/* Begin PBXTargetDependency section */
		BE3DD3E42A44FE17009E87E6 /* PBXTargetDependency */ = {
			isa = PBXTargetDependency;
			target = BED41CA12A426A2C00A819D4 /* EssentialFeed */;
			targetProxy = BE3DD3E32A44FE17009E87E6 /* PBXContainerItemProxy */;
		};
		BED41CAE2A426A2C00A819D4 /* PBXTargetDependency */ = {
			isa = PBXTargetDependency;
			target = BED41CA12A426A2C00A819D4 /* EssentialFeed */;
			targetProxy = BED41CAD2A426A2C00A819D4 /* PBXContainerItemProxy */;
		};
/* End PBXTargetDependency section */

/* Begin PBXVariantGroup section */
		BE4DBD5629EC0BF9004157D7 /* Main.storyboard */ = {
			isa = PBXVariantGroup;
			children = (
				BE4DBD5729EC0BF9004157D7 /* Base */,
			);
			name = Main.storyboard;
			sourceTree = "<group>";
		};
		BE4DBD5B29EC0BFB004157D7 /* LaunchScreen.storyboard */ = {
			isa = PBXVariantGroup;
			children = (
				BE4DBD5C29EC0BFB004157D7 /* Base */,
			);
			name = LaunchScreen.storyboard;
			sourceTree = "<group>";
		};
/* End PBXVariantGroup section */

/* Begin XCBuildConfiguration section */
		BE3DD3E52A44FE17009E87E6 /* Debug */ = {
			isa = XCBuildConfiguration;
			buildSettings = {
				CODE_SIGN_STYLE = Automatic;
				CURRENT_PROJECT_VERSION = 1;
				DEAD_CODE_STRIPPING = YES;
				DEVELOPMENT_TEAM = J2489GK9WT;
				GENERATE_INFOPLIST_FILE = YES;
				MACOSX_DEPLOYMENT_TARGET = 12.4;
				MARKETING_VERSION = 1.0;
				PRODUCT_BUNDLE_IDENTIFIER = com.blahol.EssentialFeedAPIEndToEndTests;
				PRODUCT_NAME = "$(TARGET_NAME)";
				SDKROOT = macosx;
				SWIFT_EMIT_LOC_STRINGS = NO;
				SWIFT_VERSION = 5.0;
			};
			name = Debug;
		};
		BE3DD3E62A44FE17009E87E6 /* Release */ = {
			isa = XCBuildConfiguration;
			buildSettings = {
				CODE_SIGN_STYLE = Automatic;
				CURRENT_PROJECT_VERSION = 1;
				DEAD_CODE_STRIPPING = YES;
				DEVELOPMENT_TEAM = J2489GK9WT;
				GENERATE_INFOPLIST_FILE = YES;
				MACOSX_DEPLOYMENT_TARGET = 12.4;
				MARKETING_VERSION = 1.0;
				PRODUCT_BUNDLE_IDENTIFIER = com.blahol.EssentialFeedAPIEndToEndTests;
				PRODUCT_NAME = "$(TARGET_NAME)";
				SDKROOT = macosx;
				SWIFT_EMIT_LOC_STRINGS = NO;
				SWIFT_VERSION = 5.0;
			};
			name = Release;
		};
		BE4DBD5F29EC0BFB004157D7 /* Debug */ = {
			isa = XCBuildConfiguration;
			buildSettings = {
				ALWAYS_SEARCH_USER_PATHS = NO;
				CLANG_ANALYZER_NONNULL = YES;
				CLANG_ANALYZER_NUMBER_OBJECT_CONVERSION = YES_AGGRESSIVE;
				CLANG_CXX_LANGUAGE_STANDARD = "gnu++20";
				CLANG_ENABLE_MODULES = YES;
				CLANG_ENABLE_OBJC_ARC = YES;
				CLANG_ENABLE_OBJC_WEAK = YES;
				CLANG_WARN_BLOCK_CAPTURE_AUTORELEASING = YES;
				CLANG_WARN_BOOL_CONVERSION = YES;
				CLANG_WARN_COMMA = YES;
				CLANG_WARN_CONSTANT_CONVERSION = YES;
				CLANG_WARN_DEPRECATED_OBJC_IMPLEMENTATIONS = YES;
				CLANG_WARN_DIRECT_OBJC_ISA_USAGE = YES_ERROR;
				CLANG_WARN_DOCUMENTATION_COMMENTS = YES;
				CLANG_WARN_EMPTY_BODY = YES;
				CLANG_WARN_ENUM_CONVERSION = YES;
				CLANG_WARN_INFINITE_RECURSION = YES;
				CLANG_WARN_INT_CONVERSION = YES;
				CLANG_WARN_NON_LITERAL_NULL_CONVERSION = YES;
				CLANG_WARN_OBJC_IMPLICIT_RETAIN_SELF = YES;
				CLANG_WARN_OBJC_LITERAL_CONVERSION = YES;
				CLANG_WARN_OBJC_ROOT_CLASS = YES_ERROR;
				CLANG_WARN_QUOTED_INCLUDE_IN_FRAMEWORK_HEADER = YES;
				CLANG_WARN_RANGE_LOOP_ANALYSIS = YES;
				CLANG_WARN_STRICT_PROTOTYPES = YES;
				CLANG_WARN_SUSPICIOUS_MOVE = YES;
				CLANG_WARN_UNGUARDED_AVAILABILITY = YES_AGGRESSIVE;
				CLANG_WARN_UNREACHABLE_CODE = YES;
				CLANG_WARN__DUPLICATE_METHOD_MATCH = YES;
				COPY_PHASE_STRIP = NO;
				DEBUG_INFORMATION_FORMAT = dwarf;
				ENABLE_STRICT_OBJC_MSGSEND = YES;
				ENABLE_TESTABILITY = YES;
				GCC_C_LANGUAGE_STANDARD = gnu11;
				GCC_DYNAMIC_NO_PIC = NO;
				GCC_NO_COMMON_BLOCKS = YES;
				GCC_OPTIMIZATION_LEVEL = 0;
				GCC_PREPROCESSOR_DEFINITIONS = (
					"DEBUG=1",
					"$(inherited)",
				);
				GCC_WARN_64_TO_32_BIT_CONVERSION = YES;
				GCC_WARN_ABOUT_RETURN_TYPE = YES_ERROR;
				GCC_WARN_UNDECLARED_SELECTOR = YES;
				GCC_WARN_UNINITIALIZED_AUTOS = YES_AGGRESSIVE;
				GCC_WARN_UNUSED_FUNCTION = YES;
				GCC_WARN_UNUSED_VARIABLE = YES;
				IPHONEOS_DEPLOYMENT_TARGET = 16.4;
				MTL_ENABLE_DEBUG_INFO = INCLUDE_SOURCE;
				MTL_FAST_MATH = YES;
				ONLY_ACTIVE_ARCH = YES;
				SDKROOT = iphoneos;
				SWIFT_ACTIVE_COMPILATION_CONDITIONS = DEBUG;
				SWIFT_OPTIMIZATION_LEVEL = "-Onone";
			};
			name = Debug;
		};
		BE4DBD6029EC0BFB004157D7 /* Release */ = {
			isa = XCBuildConfiguration;
			buildSettings = {
				ALWAYS_SEARCH_USER_PATHS = NO;
				CLANG_ANALYZER_NONNULL = YES;
				CLANG_ANALYZER_NUMBER_OBJECT_CONVERSION = YES_AGGRESSIVE;
				CLANG_CXX_LANGUAGE_STANDARD = "gnu++20";
				CLANG_ENABLE_MODULES = YES;
				CLANG_ENABLE_OBJC_ARC = YES;
				CLANG_ENABLE_OBJC_WEAK = YES;
				CLANG_WARN_BLOCK_CAPTURE_AUTORELEASING = YES;
				CLANG_WARN_BOOL_CONVERSION = YES;
				CLANG_WARN_COMMA = YES;
				CLANG_WARN_CONSTANT_CONVERSION = YES;
				CLANG_WARN_DEPRECATED_OBJC_IMPLEMENTATIONS = YES;
				CLANG_WARN_DIRECT_OBJC_ISA_USAGE = YES_ERROR;
				CLANG_WARN_DOCUMENTATION_COMMENTS = YES;
				CLANG_WARN_EMPTY_BODY = YES;
				CLANG_WARN_ENUM_CONVERSION = YES;
				CLANG_WARN_INFINITE_RECURSION = YES;
				CLANG_WARN_INT_CONVERSION = YES;
				CLANG_WARN_NON_LITERAL_NULL_CONVERSION = YES;
				CLANG_WARN_OBJC_IMPLICIT_RETAIN_SELF = YES;
				CLANG_WARN_OBJC_LITERAL_CONVERSION = YES;
				CLANG_WARN_OBJC_ROOT_CLASS = YES_ERROR;
				CLANG_WARN_QUOTED_INCLUDE_IN_FRAMEWORK_HEADER = YES;
				CLANG_WARN_RANGE_LOOP_ANALYSIS = YES;
				CLANG_WARN_STRICT_PROTOTYPES = YES;
				CLANG_WARN_SUSPICIOUS_MOVE = YES;
				CLANG_WARN_UNGUARDED_AVAILABILITY = YES_AGGRESSIVE;
				CLANG_WARN_UNREACHABLE_CODE = YES;
				CLANG_WARN__DUPLICATE_METHOD_MATCH = YES;
				COPY_PHASE_STRIP = NO;
				DEBUG_INFORMATION_FORMAT = "dwarf-with-dsym";
				ENABLE_NS_ASSERTIONS = NO;
				ENABLE_STRICT_OBJC_MSGSEND = YES;
				GCC_C_LANGUAGE_STANDARD = gnu11;
				GCC_NO_COMMON_BLOCKS = YES;
				GCC_WARN_64_TO_32_BIT_CONVERSION = YES;
				GCC_WARN_ABOUT_RETURN_TYPE = YES_ERROR;
				GCC_WARN_UNDECLARED_SELECTOR = YES;
				GCC_WARN_UNINITIALIZED_AUTOS = YES_AGGRESSIVE;
				GCC_WARN_UNUSED_FUNCTION = YES;
				GCC_WARN_UNUSED_VARIABLE = YES;
				IPHONEOS_DEPLOYMENT_TARGET = 16.4;
				MTL_ENABLE_DEBUG_INFO = NO;
				MTL_FAST_MATH = YES;
				SDKROOT = iphoneos;
				SWIFT_COMPILATION_MODE = wholemodule;
				SWIFT_OPTIMIZATION_LEVEL = "-O";
				VALIDATE_PRODUCT = YES;
			};
			name = Release;
		};
		BE4DBD6229EC0BFB004157D7 /* Debug */ = {
			isa = XCBuildConfiguration;
			buildSettings = {
				ASSETCATALOG_COMPILER_APPICON_NAME = AppIcon;
				ASSETCATALOG_COMPILER_GLOBAL_ACCENT_COLOR_NAME = AccentColor;
				CODE_SIGN_STYLE = Automatic;
				CURRENT_PROJECT_VERSION = 1;
				DEVELOPMENT_TEAM = J2489GK9WT;
				GENERATE_INFOPLIST_FILE = YES;
				INFOPLIST_FILE = iOSLeadEssentialsCourse/Info.plist;
				INFOPLIST_KEY_UIApplicationSupportsIndirectInputEvents = YES;
				INFOPLIST_KEY_UILaunchStoryboardName = LaunchScreen;
				INFOPLIST_KEY_UIMainStoryboardFile = Main;
				INFOPLIST_KEY_UISupportedInterfaceOrientations_iPad = "UIInterfaceOrientationPortrait UIInterfaceOrientationPortraitUpsideDown UIInterfaceOrientationLandscapeLeft UIInterfaceOrientationLandscapeRight";
				INFOPLIST_KEY_UISupportedInterfaceOrientations_iPhone = "UIInterfaceOrientationPortrait UIInterfaceOrientationLandscapeLeft UIInterfaceOrientationLandscapeRight";
				LD_RUNPATH_SEARCH_PATHS = (
					"$(inherited)",
					"@executable_path/Frameworks",
				);
				MARKETING_VERSION = 1.0;
				PRODUCT_BUNDLE_IDENTIFIER = com.blahol.iOSLeadEssentialsCourse;
				PRODUCT_NAME = "$(TARGET_NAME)";
				SWIFT_EMIT_LOC_STRINGS = YES;
				SWIFT_VERSION = 5.0;
				TARGETED_DEVICE_FAMILY = "1,2";
			};
			name = Debug;
		};
		BE4DBD6329EC0BFB004157D7 /* Release */ = {
			isa = XCBuildConfiguration;
			buildSettings = {
				ASSETCATALOG_COMPILER_APPICON_NAME = AppIcon;
				ASSETCATALOG_COMPILER_GLOBAL_ACCENT_COLOR_NAME = AccentColor;
				CODE_SIGN_STYLE = Automatic;
				CURRENT_PROJECT_VERSION = 1;
				DEVELOPMENT_TEAM = J2489GK9WT;
				GENERATE_INFOPLIST_FILE = YES;
				INFOPLIST_FILE = iOSLeadEssentialsCourse/Info.plist;
				INFOPLIST_KEY_UIApplicationSupportsIndirectInputEvents = YES;
				INFOPLIST_KEY_UILaunchStoryboardName = LaunchScreen;
				INFOPLIST_KEY_UIMainStoryboardFile = Main;
				INFOPLIST_KEY_UISupportedInterfaceOrientations_iPad = "UIInterfaceOrientationPortrait UIInterfaceOrientationPortraitUpsideDown UIInterfaceOrientationLandscapeLeft UIInterfaceOrientationLandscapeRight";
				INFOPLIST_KEY_UISupportedInterfaceOrientations_iPhone = "UIInterfaceOrientationPortrait UIInterfaceOrientationLandscapeLeft UIInterfaceOrientationLandscapeRight";
				LD_RUNPATH_SEARCH_PATHS = (
					"$(inherited)",
					"@executable_path/Frameworks",
				);
				MARKETING_VERSION = 1.0;
				PRODUCT_BUNDLE_IDENTIFIER = com.blahol.iOSLeadEssentialsCourse;
				PRODUCT_NAME = "$(TARGET_NAME)";
				SWIFT_EMIT_LOC_STRINGS = YES;
				SWIFT_VERSION = 5.0;
				TARGETED_DEVICE_FAMILY = "1,2";
			};
			name = Release;
		};
		BED41CB32A426A2C00A819D4 /* Debug */ = {
			isa = XCBuildConfiguration;
			buildSettings = {
				CODE_SIGN_IDENTITY = "";
				CODE_SIGN_STYLE = Automatic;
				COMBINE_HIDPI_IMAGES = YES;
				CURRENT_PROJECT_VERSION = 1;
				DEAD_CODE_STRIPPING = YES;
				DEFINES_MODULE = YES;
				DEVELOPMENT_TEAM = J2489GK9WT;
				DYLIB_COMPATIBILITY_VERSION = 1;
				DYLIB_CURRENT_VERSION = 1;
				DYLIB_INSTALL_NAME_BASE = "@rpath";
				ENABLE_MODULE_VERIFIER = YES;
				GENERATE_INFOPLIST_FILE = YES;
				INFOPLIST_KEY_NSHumanReadableCopyright = "";
				INSTALL_PATH = "$(LOCAL_LIBRARY_DIR)/Frameworks";
				LD_RUNPATH_SEARCH_PATHS = (
					"$(inherited)",
					"@executable_path/../Frameworks",
					"@loader_path/Frameworks",
				);
				MACOSX_DEPLOYMENT_TARGET = 12.4;
				MARKETING_VERSION = 1.0;
				MODULE_VERIFIER_SUPPORTED_LANGUAGES = "objective-c objective-c++";
				MODULE_VERIFIER_SUPPORTED_LANGUAGE_STANDARDS = "gnu11 gnu++20";
				PRODUCT_BUNDLE_IDENTIFIER = com.blahol.EssentialFeed;
				PRODUCT_NAME = "$(TARGET_NAME:c99extidentifier)";
				SDKROOT = macosx;
				SKIP_INSTALL = YES;
				SWIFT_EMIT_LOC_STRINGS = YES;
				SWIFT_VERSION = 5.0;
				VERSIONING_SYSTEM = "apple-generic";
				VERSION_INFO_PREFIX = "";
			};
			name = Debug;
		};
		BED41CB42A426A2C00A819D4 /* Release */ = {
			isa = XCBuildConfiguration;
			buildSettings = {
				CODE_SIGN_IDENTITY = "";
				CODE_SIGN_STYLE = Automatic;
				COMBINE_HIDPI_IMAGES = YES;
				CURRENT_PROJECT_VERSION = 1;
				DEAD_CODE_STRIPPING = YES;
				DEFINES_MODULE = YES;
				DEVELOPMENT_TEAM = J2489GK9WT;
				DYLIB_COMPATIBILITY_VERSION = 1;
				DYLIB_CURRENT_VERSION = 1;
				DYLIB_INSTALL_NAME_BASE = "@rpath";
				ENABLE_MODULE_VERIFIER = YES;
				GENERATE_INFOPLIST_FILE = YES;
				INFOPLIST_KEY_NSHumanReadableCopyright = "";
				INSTALL_PATH = "$(LOCAL_LIBRARY_DIR)/Frameworks";
				LD_RUNPATH_SEARCH_PATHS = (
					"$(inherited)",
					"@executable_path/../Frameworks",
					"@loader_path/Frameworks",
				);
				MACOSX_DEPLOYMENT_TARGET = 12.4;
				MARKETING_VERSION = 1.0;
				MODULE_VERIFIER_SUPPORTED_LANGUAGES = "objective-c objective-c++";
				MODULE_VERIFIER_SUPPORTED_LANGUAGE_STANDARDS = "gnu11 gnu++20";
				PRODUCT_BUNDLE_IDENTIFIER = com.blahol.EssentialFeed;
				PRODUCT_NAME = "$(TARGET_NAME:c99extidentifier)";
				SDKROOT = macosx;
				SKIP_INSTALL = YES;
				SWIFT_EMIT_LOC_STRINGS = YES;
				SWIFT_VERSION = 5.0;
				VERSIONING_SYSTEM = "apple-generic";
				VERSION_INFO_PREFIX = "";
			};
			name = Release;
		};
		BED41CB52A426A2C00A819D4 /* Debug */ = {
			isa = XCBuildConfiguration;
			buildSettings = {
				ALWAYS_EMBED_SWIFT_STANDARD_LIBRARIES = YES;
				CODE_SIGN_STYLE = Automatic;
				CURRENT_PROJECT_VERSION = 1;
				DEAD_CODE_STRIPPING = YES;
				DEVELOPMENT_TEAM = J2489GK9WT;
				GENERATE_INFOPLIST_FILE = YES;
				MACOSX_DEPLOYMENT_TARGET = 12.4;
				MARKETING_VERSION = 1.0;
				PRODUCT_BUNDLE_IDENTIFIER = com.blahol.EssentialFeedTests;
				PRODUCT_NAME = "$(TARGET_NAME)";
				SDKROOT = macosx;
				SWIFT_EMIT_LOC_STRINGS = NO;
				SWIFT_VERSION = 5.0;
			};
			name = Debug;
		};
		BED41CB62A426A2C00A819D4 /* Release */ = {
			isa = XCBuildConfiguration;
			buildSettings = {
				ALWAYS_EMBED_SWIFT_STANDARD_LIBRARIES = YES;
				CODE_SIGN_STYLE = Automatic;
				CURRENT_PROJECT_VERSION = 1;
				DEAD_CODE_STRIPPING = YES;
				DEVELOPMENT_TEAM = J2489GK9WT;
				GENERATE_INFOPLIST_FILE = YES;
				MACOSX_DEPLOYMENT_TARGET = 12.4;
				MARKETING_VERSION = 1.0;
				PRODUCT_BUNDLE_IDENTIFIER = com.blahol.EssentialFeedTests;
				PRODUCT_NAME = "$(TARGET_NAME)";
				SDKROOT = macosx;
				SWIFT_EMIT_LOC_STRINGS = NO;
				SWIFT_VERSION = 5.0;
			};
			name = Release;
		};
/* End XCBuildConfiguration section */

/* Begin XCConfigurationList section */
		BE3DD3E72A44FE17009E87E6 /* Build configuration list for PBXNativeTarget "EssentialFeedAPIEndToEndTests" */ = {
			isa = XCConfigurationList;
			buildConfigurations = (
				BE3DD3E52A44FE17009E87E6 /* Debug */,
				BE3DD3E62A44FE17009E87E6 /* Release */,
			);
			defaultConfigurationIsVisible = 0;
			defaultConfigurationName = Release;
		};
		BE4DBD4829EC0BF9004157D7 /* Build configuration list for PBXProject "iOSLeadEssentialsCourse" */ = {
			isa = XCConfigurationList;
			buildConfigurations = (
				BE4DBD5F29EC0BFB004157D7 /* Debug */,
				BE4DBD6029EC0BFB004157D7 /* Release */,
			);
			defaultConfigurationIsVisible = 0;
			defaultConfigurationName = Release;
		};
		BE4DBD6129EC0BFB004157D7 /* Build configuration list for PBXNativeTarget "iOSLeadEssentialsCourse" */ = {
			isa = XCConfigurationList;
			buildConfigurations = (
				BE4DBD6229EC0BFB004157D7 /* Debug */,
				BE4DBD6329EC0BFB004157D7 /* Release */,
			);
			defaultConfigurationIsVisible = 0;
			defaultConfigurationName = Release;
		};
		BED41CB72A426A2C00A819D4 /* Build configuration list for PBXNativeTarget "EssentialFeed" */ = {
			isa = XCConfigurationList;
			buildConfigurations = (
				BED41CB32A426A2C00A819D4 /* Debug */,
				BED41CB42A426A2C00A819D4 /* Release */,
			);
			defaultConfigurationIsVisible = 0;
			defaultConfigurationName = Release;
		};
		BED41CB82A426A2C00A819D4 /* Build configuration list for PBXNativeTarget "EssentialFeedTests" */ = {
			isa = XCConfigurationList;
			buildConfigurations = (
				BED41CB52A426A2C00A819D4 /* Debug */,
				BED41CB62A426A2C00A819D4 /* Release */,
			);
			defaultConfigurationIsVisible = 0;
			defaultConfigurationName = Release;
		};
/* End XCConfigurationList section */
	};
	rootObject = BE4DBD4529EC0BF9004157D7 /* Project object */;
}
