// !$*UTF8*$!
{
	archiveVersion = 1;
	classes = {
	};
	objectVersion = 56;
	objects = {

/* Begin PBXBuildFile section */
		BE29DE4D2A644A5A0092FA70 /* FeedUIComposer.swift in Sources */ = {isa = PBXBuildFile; fileRef = BE29DE4C2A644A5A0092FA70 /* FeedUIComposer.swift */; };
		BE29DE532A644AAE0092FA70 /* FeedViewAdapter.swift in Sources */ = {isa = PBXBuildFile; fileRef = BE29DE522A644AAE0092FA70 /* FeedViewAdapter.swift */; };
		BE29DE572A644AD40092FA70 /* WeakRefVirtualProxy.swift in Sources */ = {isa = PBXBuildFile; fileRef = BE29DE562A644AD40092FA70 /* WeakRefVirtualProxy.swift */; };
		BE29DE642A6452F50092FA70 /* FeedUIIntegrationTests+Assertions.swift in Sources */ = {isa = PBXBuildFile; fileRef = BE29DE632A6452F50092FA70 /* FeedUIIntegrationTests+Assertions.swift */; };
		BE29DE662A64530E0092FA70 /* UIView+TestHelpers.swift in Sources */ = {isa = PBXBuildFile; fileRef = BE29DE652A64530E0092FA70 /* UIView+TestHelpers.swift */; };
		BE29DE682A645DD50092FA70 /* CombineHelpers.swift in Sources */ = {isa = PBXBuildFile; fileRef = BE29DE672A645DD50092FA70 /* CombineHelpers.swift */; };
		BE29DE6A2A6460CA0092FA70 /* FeedUIIntegrationTests.swift in Sources */ = {isa = PBXBuildFile; fileRef = BE29DE692A6460CA0092FA70 /* FeedUIIntegrationTests.swift */; };
		BE29DE6C2A646D410092FA70 /* FeedUIIntegrationTests+LoaderSpy.swift in Sources */ = {isa = PBXBuildFile; fileRef = BE29DE6B2A646D410092FA70 /* FeedUIIntegrationTests+LoaderSpy.swift */; };
		BE4559352A65CFE400A9B4F1 /* LoadResourcePresentationAdapter.swift in Sources */ = {isa = PBXBuildFile; fileRef = BE4559342A65CFE400A9B4F1 /* LoadResourcePresentationAdapter.swift */; };
		BE45599A2A65F07100A9B4F1 /* CommentsUIComposer.swift in Sources */ = {isa = PBXBuildFile; fileRef = BE4559992A65F07100A9B4F1 /* CommentsUIComposer.swift */; };
		BE45599C2A65F0E300A9B4F1 /* CommentsUIIntegrationTests.swift in Sources */ = {isa = PBXBuildFile; fileRef = BE45599B2A65F0E300A9B4F1 /* CommentsUIIntegrationTests.swift */; };
		BE45599E2A65F17500A9B4F1 /* ListViewController+TestHelpers.swift in Sources */ = {isa = PBXBuildFile; fileRef = BE45599D2A65F17500A9B4F1 /* ListViewController+TestHelpers.swift */; };
		BE4559AE2A65F8DA00A9B4F1 /* NullStore.swift in Sources */ = {isa = PBXBuildFile; fileRef = BE4559AD2A65F8DA00A9B4F1 /* NullStore.swift */; };
		BE9D0DB52A64154800640503 /* AppDelegate.swift in Sources */ = {isa = PBXBuildFile; fileRef = BE9D0DB42A64154800640503 /* AppDelegate.swift */; };
		BE9D0DB72A64154800640503 /* SceneDelegate.swift in Sources */ = {isa = PBXBuildFile; fileRef = BE9D0DB62A64154800640503 /* SceneDelegate.swift */; };
		BE9D0DBE2A64154900640503 /* Assets.xcassets in Resources */ = {isa = PBXBuildFile; fileRef = BE9D0DBD2A64154900640503 /* Assets.xcassets */; };
		BE9D0DC12A64154900640503 /* LaunchScreen.storyboard in Resources */ = {isa = PBXBuildFile; fileRef = BE9D0DBF2A64154900640503 /* LaunchScreen.storyboard */; };
		BE9D0DE72A64198A00640503 /* EssentialFeed.framework in Frameworks */ = {isa = PBXBuildFile; fileRef = BE9D0DE52A64198A00640503 /* EssentialFeed.framework */; };
		BE9D0DE82A64198A00640503 /* EssentialFeed.framework in Embed Frameworks */ = {isa = PBXBuildFile; fileRef = BE9D0DE52A64198A00640503 /* EssentialFeed.framework */; settings = {ATTRIBUTES = (CodeSignOnCopy, RemoveHeadersOnCopy, ); }; };
		BE9D0DE92A64198A00640503 /* EssentialFeediOS.framework in Frameworks */ = {isa = PBXBuildFile; fileRef = BE9D0DE62A64198A00640503 /* EssentialFeediOS.framework */; };
		BE9D0DEA2A64198A00640503 /* EssentialFeediOS.framework in Embed Frameworks */ = {isa = PBXBuildFile; fileRef = BE9D0DE62A64198A00640503 /* EssentialFeediOS.framework */; settings = {ATTRIBUTES = (CodeSignOnCopy, RemoveHeadersOnCopy, ); }; };
		BE9D0DEF2A641B6E00640503 /* XCTestCase+MemoryLeakTracking.swift in Sources */ = {isa = PBXBuildFile; fileRef = BE9D0DEE2A641B6E00640503 /* XCTestCase+MemoryLeakTracking.swift */; };
		BE9D0DF12A641B7E00640503 /* SharedTestHelpers.swift in Sources */ = {isa = PBXBuildFile; fileRef = BE9D0DF02A641B7E00640503 /* SharedTestHelpers.swift */; };
		BE9D0E2D2A64362400640503 /* FeedAcceptanceTests.swift in Sources */ = {isa = PBXBuildFile; fileRef = BE9D0E2C2A64362400640503 /* FeedAcceptanceTests.swift */; };
		BE9D0E312A6436F100640503 /* SceneDelegateTests.swift in Sources */ = {isa = PBXBuildFile; fileRef = BE9D0E302A6436F100640503 /* SceneDelegateTests.swift */; };
		BE9D0E372A64376F00640503 /* FeedImageCell+TestHelpers.swift in Sources */ = {isa = PBXBuildFile; fileRef = BE9D0E362A64376F00640503 /* FeedImageCell+TestHelpers.swift */; };
		BE9D0E412A64388000640503 /* HTTPClientStub.swift in Sources */ = {isa = PBXBuildFile; fileRef = BE9D0E402A64388000640503 /* HTTPClientStub.swift */; };
		BE9D0E432A64389200640503 /* InMemoryFeedStore.swift in Sources */ = {isa = PBXBuildFile; fileRef = BE9D0E422A64389200640503 /* InMemoryFeedStore.swift */; };
		BE9D0E482A6438C000640503 /* UIButton+TestHelpers.swift in Sources */ = {isa = PBXBuildFile; fileRef = BE9D0E452A6438C000640503 /* UIButton+TestHelpers.swift */; };
		BE9D0E492A6438C000640503 /* UIControl+TestHelpers.swift in Sources */ = {isa = PBXBuildFile; fileRef = BE9D0E462A6438C000640503 /* UIControl+TestHelpers.swift */; };
		BE9D0E4A2A6438C000640503 /* UIRefreshControl+TestHelpers.swift in Sources */ = {isa = PBXBuildFile; fileRef = BE9D0E442A6438C000640503 /* UIRefreshControl+TestHelpers.swift */; };
		BE9D0E4B2A6438C000640503 /* UIImage+TestHelpers.swift in Sources */ = {isa = PBXBuildFile; fileRef = BE9D0E472A6438C000640503 /* UIImage+TestHelpers.swift */; };
/* End PBXBuildFile section */

/* Begin PBXContainerItemProxy section */
		BE9D0DC82A64154A00640503 /* PBXContainerItemProxy */ = {
			isa = PBXContainerItemProxy;
			containerPortal = BE9D0DA92A64154800640503 /* Project object */;
			proxyType = 1;
			remoteGlobalIDString = BE9D0DB02A64154800640503;
			remoteInfo = EssentialApp;
		};
/* End PBXContainerItemProxy section */

/* Begin PBXCopyFilesBuildPhase section */
		BE9D0DEB2A64198A00640503 /* Embed Frameworks */ = {
			isa = PBXCopyFilesBuildPhase;
			buildActionMask = 2147483647;
			dstPath = "";
			dstSubfolderSpec = 10;
			files = (
				BE9D0DE82A64198A00640503 /* EssentialFeed.framework in Embed Frameworks */,
				BE9D0DEA2A64198A00640503 /* EssentialFeediOS.framework in Embed Frameworks */,
			);
			name = "Embed Frameworks";
			runOnlyForDeploymentPostprocessing = 0;
		};
/* End PBXCopyFilesBuildPhase section */

/* Begin PBXFileReference section */
		BE29DE3F2A643BB00092FA70 /* EssentialApp.xctestplan */ = {isa = PBXFileReference; lastKnownFileType = text; path = EssentialApp.xctestplan; sourceTree = "<group>"; };
		BE29DE4C2A644A5A0092FA70 /* FeedUIComposer.swift */ = {isa = PBXFileReference; lastKnownFileType = sourcecode.swift; path = FeedUIComposer.swift; sourceTree = "<group>"; };
		BE29DE522A644AAE0092FA70 /* FeedViewAdapter.swift */ = {isa = PBXFileReference; lastKnownFileType = sourcecode.swift; path = FeedViewAdapter.swift; sourceTree = "<group>"; };
		BE29DE562A644AD40092FA70 /* WeakRefVirtualProxy.swift */ = {isa = PBXFileReference; lastKnownFileType = sourcecode.swift; path = WeakRefVirtualProxy.swift; sourceTree = "<group>"; };
		BE29DE632A6452F50092FA70 /* FeedUIIntegrationTests+Assertions.swift */ = {isa = PBXFileReference; lastKnownFileType = sourcecode.swift; path = "FeedUIIntegrationTests+Assertions.swift"; sourceTree = "<group>"; };
		BE29DE652A64530E0092FA70 /* UIView+TestHelpers.swift */ = {isa = PBXFileReference; lastKnownFileType = sourcecode.swift; path = "UIView+TestHelpers.swift"; sourceTree = "<group>"; };
		BE29DE672A645DD50092FA70 /* CombineHelpers.swift */ = {isa = PBXFileReference; lastKnownFileType = sourcecode.swift; path = CombineHelpers.swift; sourceTree = "<group>"; };
		BE29DE692A6460CA0092FA70 /* FeedUIIntegrationTests.swift */ = {isa = PBXFileReference; lastKnownFileType = sourcecode.swift; path = FeedUIIntegrationTests.swift; sourceTree = "<group>"; };
		BE29DE6B2A646D410092FA70 /* FeedUIIntegrationTests+LoaderSpy.swift */ = {isa = PBXFileReference; lastKnownFileType = sourcecode.swift; path = "FeedUIIntegrationTests+LoaderSpy.swift"; sourceTree = "<group>"; };
		BE4559342A65CFE400A9B4F1 /* LoadResourcePresentationAdapter.swift */ = {isa = PBXFileReference; lastKnownFileType = sourcecode.swift; path = LoadResourcePresentationAdapter.swift; sourceTree = "<group>"; };
		BE4559992A65F07100A9B4F1 /* CommentsUIComposer.swift */ = {isa = PBXFileReference; lastKnownFileType = sourcecode.swift; path = CommentsUIComposer.swift; sourceTree = "<group>"; };
		BE45599B2A65F0E300A9B4F1 /* CommentsUIIntegrationTests.swift */ = {isa = PBXFileReference; lastKnownFileType = sourcecode.swift; path = CommentsUIIntegrationTests.swift; sourceTree = "<group>"; };
		BE45599D2A65F17500A9B4F1 /* ListViewController+TestHelpers.swift */ = {isa = PBXFileReference; lastKnownFileType = sourcecode.swift; path = "ListViewController+TestHelpers.swift"; sourceTree = "<group>"; };
		BE4559AD2A65F8DA00A9B4F1 /* NullStore.swift */ = {isa = PBXFileReference; lastKnownFileType = sourcecode.swift; path = NullStore.swift; sourceTree = "<group>"; };
		BE9D0DB12A64154800640503 /* EssentialApp.app */ = {isa = PBXFileReference; explicitFileType = wrapper.application; includeInIndex = 0; path = EssentialApp.app; sourceTree = BUILT_PRODUCTS_DIR; };
		BE9D0DB42A64154800640503 /* AppDelegate.swift */ = {isa = PBXFileReference; lastKnownFileType = sourcecode.swift; path = AppDelegate.swift; sourceTree = "<group>"; };
		BE9D0DB62A64154800640503 /* SceneDelegate.swift */ = {isa = PBXFileReference; lastKnownFileType = sourcecode.swift; path = SceneDelegate.swift; sourceTree = "<group>"; };
		BE9D0DBD2A64154900640503 /* Assets.xcassets */ = {isa = PBXFileReference; lastKnownFileType = folder.assetcatalog; path = Assets.xcassets; sourceTree = "<group>"; };
		BE9D0DC02A64154900640503 /* Base */ = {isa = PBXFileReference; lastKnownFileType = file.storyboard; name = Base; path = Base.lproj/LaunchScreen.storyboard; sourceTree = "<group>"; };
		BE9D0DC22A64154900640503 /* Info.plist */ = {isa = PBXFileReference; lastKnownFileType = text.plist.xml; path = Info.plist; sourceTree = "<group>"; };
		BE9D0DC72A64154A00640503 /* EssentialAppTests.xctest */ = {isa = PBXFileReference; explicitFileType = wrapper.cfbundle; includeInIndex = 0; path = EssentialAppTests.xctest; sourceTree = BUILT_PRODUCTS_DIR; };
		BE9D0DE52A64198A00640503 /* EssentialFeed.framework */ = {isa = PBXFileReference; explicitFileType = wrapper.framework; path = EssentialFeed.framework; sourceTree = BUILT_PRODUCTS_DIR; };
		BE9D0DE62A64198A00640503 /* EssentialFeediOS.framework */ = {isa = PBXFileReference; explicitFileType = wrapper.framework; path = EssentialFeediOS.framework; sourceTree = BUILT_PRODUCTS_DIR; };
		BE9D0DED2A641B6D00640503 /* EssentialAppTests-Bridging-Header.h */ = {isa = PBXFileReference; lastKnownFileType = sourcecode.c.h; path = "EssentialAppTests-Bridging-Header.h"; sourceTree = "<group>"; };
		BE9D0DEE2A641B6E00640503 /* XCTestCase+MemoryLeakTracking.swift */ = {isa = PBXFileReference; lastKnownFileType = sourcecode.swift; path = "XCTestCase+MemoryLeakTracking.swift"; sourceTree = "<group>"; };
		BE9D0DF02A641B7E00640503 /* SharedTestHelpers.swift */ = {isa = PBXFileReference; lastKnownFileType = sourcecode.swift; path = SharedTestHelpers.swift; sourceTree = "<group>"; };
		BE9D0E2C2A64362400640503 /* FeedAcceptanceTests.swift */ = {isa = PBXFileReference; lastKnownFileType = sourcecode.swift; path = FeedAcceptanceTests.swift; sourceTree = "<group>"; };
		BE9D0E302A6436F100640503 /* SceneDelegateTests.swift */ = {isa = PBXFileReference; lastKnownFileType = sourcecode.swift; path = SceneDelegateTests.swift; sourceTree = "<group>"; };
		BE9D0E362A64376F00640503 /* FeedImageCell+TestHelpers.swift */ = {isa = PBXFileReference; lastKnownFileType = sourcecode.swift; path = "FeedImageCell+TestHelpers.swift"; sourceTree = "<group>"; };
		BE9D0E402A64388000640503 /* HTTPClientStub.swift */ = {isa = PBXFileReference; lastKnownFileType = sourcecode.swift; path = HTTPClientStub.swift; sourceTree = "<group>"; };
		BE9D0E422A64389200640503 /* InMemoryFeedStore.swift */ = {isa = PBXFileReference; lastKnownFileType = sourcecode.swift; path = InMemoryFeedStore.swift; sourceTree = "<group>"; };
		BE9D0E442A6438C000640503 /* UIRefreshControl+TestHelpers.swift */ = {isa = PBXFileReference; lastKnownFileType = sourcecode.swift; path = "UIRefreshControl+TestHelpers.swift"; sourceTree = "<group>"; };
		BE9D0E452A6438C000640503 /* UIButton+TestHelpers.swift */ = {isa = PBXFileReference; lastKnownFileType = sourcecode.swift; path = "UIButton+TestHelpers.swift"; sourceTree = "<group>"; };
		BE9D0E462A6438C000640503 /* UIControl+TestHelpers.swift */ = {isa = PBXFileReference; lastKnownFileType = sourcecode.swift; path = "UIControl+TestHelpers.swift"; sourceTree = "<group>"; };
		BE9D0E472A6438C000640503 /* UIImage+TestHelpers.swift */ = {isa = PBXFileReference; lastKnownFileType = sourcecode.swift; path = "UIImage+TestHelpers.swift"; sourceTree = "<group>"; };
/* End PBXFileReference section */

/* Begin PBXFrameworksBuildPhase section */
		BE9D0DAE2A64154800640503 /* Frameworks */ = {
			isa = PBXFrameworksBuildPhase;
			buildActionMask = 2147483647;
			files = (
				BE9D0DE72A64198A00640503 /* EssentialFeed.framework in Frameworks */,
				BE9D0DE92A64198A00640503 /* EssentialFeediOS.framework in Frameworks */,
			);
			runOnlyForDeploymentPostprocessing = 0;
		};
		BE9D0DC42A64154A00640503 /* Frameworks */ = {
			isa = PBXFrameworksBuildPhase;
			buildActionMask = 2147483647;
			files = (
			);
			runOnlyForDeploymentPostprocessing = 0;
		};
/* End PBXFrameworksBuildPhase section */

/* Begin PBXGroup section */
		BE9D0DA82A64154800640503 = {
			isa = PBXGroup;
			children = (
				BE29DE3F2A643BB00092FA70 /* EssentialApp.xctestplan */,
				BE9D0DB32A64154800640503 /* EssentialApp */,
				BE9D0DCA2A64154A00640503 /* EssentialAppTests */,
				BE9D0DB22A64154800640503 /* Products */,
				BE9D0DE42A64198A00640503 /* Frameworks */,
			);
			sourceTree = "<group>";
		};
		BE9D0DB22A64154800640503 /* Products */ = {
			isa = PBXGroup;
			children = (
				BE9D0DB12A64154800640503 /* EssentialApp.app */,
				BE9D0DC72A64154A00640503 /* EssentialAppTests.xctest */,
			);
			name = Products;
			sourceTree = "<group>";
		};
		BE9D0DB32A64154800640503 /* EssentialApp */ = {
			isa = PBXGroup;
			children = (
				BE9D0DB42A64154800640503 /* AppDelegate.swift */,
				BE9D0DB62A64154800640503 /* SceneDelegate.swift */,
				BE29DE672A645DD50092FA70 /* CombineHelpers.swift */,
				BE9D0DBD2A64154900640503 /* Assets.xcassets */,
				BE9D0DBF2A64154900640503 /* LaunchScreen.storyboard */,
				BE9D0DC22A64154900640503 /* Info.plist */,
				BE29DE4C2A644A5A0092FA70 /* FeedUIComposer.swift */,
				BE29DE522A644AAE0092FA70 /* FeedViewAdapter.swift */,
				BE29DE562A644AD40092FA70 /* WeakRefVirtualProxy.swift */,
				BE4559342A65CFE400A9B4F1 /* LoadResourcePresentationAdapter.swift */,
				BE4559992A65F07100A9B4F1 /* CommentsUIComposer.swift */,
				BE4559AD2A65F8DA00A9B4F1 /* NullStore.swift */,
			);
			path = EssentialApp;
			sourceTree = "<group>";
		};
		BE9D0DCA2A64154A00640503 /* EssentialAppTests */ = {
			isa = PBXGroup;
			children = (
				BE9D0DEC2A641B6500640503 /* Helpers */,
				BE9D0E2C2A64362400640503 /* FeedAcceptanceTests.swift */,
				BE9D0E302A6436F100640503 /* SceneDelegateTests.swift */,
				BE29DE692A6460CA0092FA70 /* FeedUIIntegrationTests.swift */,
				BE45599B2A65F0E300A9B4F1 /* CommentsUIIntegrationTests.swift */,
			);
			path = EssentialAppTests;
			sourceTree = "<group>";
		};
		BE9D0DE42A64198A00640503 /* Frameworks */ = {
			isa = PBXGroup;
			children = (
				BE9D0DE52A64198A00640503 /* EssentialFeed.framework */,
				BE9D0DE62A64198A00640503 /* EssentialFeediOS.framework */,
			);
			name = Frameworks;
			sourceTree = "<group>";
		};
		BE9D0DEC2A641B6500640503 /* Helpers */ = {
			isa = PBXGroup;
			children = (
				BE9D0E472A6438C000640503 /* UIImage+TestHelpers.swift */,
				BE9D0E442A6438C000640503 /* UIRefreshControl+TestHelpers.swift */,
				BE9D0E452A6438C000640503 /* UIButton+TestHelpers.swift */,
				BE9D0E462A6438C000640503 /* UIControl+TestHelpers.swift */,
				BE29DE652A64530E0092FA70 /* UIView+TestHelpers.swift */,
				BE9D0E362A64376F00640503 /* FeedImageCell+TestHelpers.swift */,
				BE29DE6B2A646D410092FA70 /* FeedUIIntegrationTests+LoaderSpy.swift */,
				BE29DE632A6452F50092FA70 /* FeedUIIntegrationTests+Assertions.swift */,
				BE9D0DEE2A641B6E00640503 /* XCTestCase+MemoryLeakTracking.swift */,
				BE9D0DF02A641B7E00640503 /* SharedTestHelpers.swift */,
				BE45599D2A65F17500A9B4F1 /* ListViewController+TestHelpers.swift */,
				BE9D0E402A64388000640503 /* HTTPClientStub.swift */,
				BE9D0E422A64389200640503 /* InMemoryFeedStore.swift */,
				BE9D0DED2A641B6D00640503 /* EssentialAppTests-Bridging-Header.h */,
			);
			path = Helpers;
			sourceTree = "<group>";
		};
/* End PBXGroup section */

/* Begin PBXNativeTarget section */
		BE9D0DB02A64154800640503 /* EssentialApp */ = {
			isa = PBXNativeTarget;
			buildConfigurationList = BE9D0DDB2A64154A00640503 /* Build configuration list for PBXNativeTarget "EssentialApp" */;
			buildPhases = (
				BE9D0DAD2A64154800640503 /* Sources */,
				BE9D0DAE2A64154800640503 /* Frameworks */,
				BE9D0DAF2A64154800640503 /* Resources */,
				BE9D0DEB2A64198A00640503 /* Embed Frameworks */,
			);
			buildRules = (
			);
			dependencies = (
			);
			name = EssentialApp;
			productName = EssentialApp;
			productReference = BE9D0DB12A64154800640503 /* EssentialApp.app */;
			productType = "com.apple.product-type.application";
		};
		BE9D0DC62A64154A00640503 /* EssentialAppTests */ = {
			isa = PBXNativeTarget;
			buildConfigurationList = BE9D0DDE2A64154A00640503 /* Build configuration list for PBXNativeTarget "EssentialAppTests" */;
			buildPhases = (
				BE9D0DC32A64154A00640503 /* Sources */,
				BE9D0DC42A64154A00640503 /* Frameworks */,
				BE9D0DC52A64154A00640503 /* Resources */,
			);
			buildRules = (
			);
			dependencies = (
				BE9D0DC92A64154A00640503 /* PBXTargetDependency */,
			);
			name = EssentialAppTests;
			productName = EssentialAppTests;
			productReference = BE9D0DC72A64154A00640503 /* EssentialAppTests.xctest */;
			productType = "com.apple.product-type.bundle.unit-test";
		};
/* End PBXNativeTarget section */

/* Begin PBXProject section */
		BE9D0DA92A64154800640503 /* Project object */ = {
			isa = PBXProject;
			attributes = {
				BuildIndependentTargetsInParallel = 1;
				LastSwiftUpdateCheck = 1430;
				LastUpgradeCheck = 1430;
				TargetAttributes = {
					BE9D0DB02A64154800640503 = {
						CreatedOnToolsVersion = 14.3.1;
					};
					BE9D0DC62A64154A00640503 = {
						CreatedOnToolsVersion = 14.3.1;
						LastSwiftMigration = 1430;
						TestTargetID = BE9D0DB02A64154800640503;
					};
				};
			};
			buildConfigurationList = BE9D0DAC2A64154800640503 /* Build configuration list for PBXProject "EssentialApp" */;
			compatibilityVersion = "Xcode 14.0";
			developmentRegion = en;
			hasScannedForEncodings = 0;
			knownRegions = (
				en,
				Base,
			);
			mainGroup = BE9D0DA82A64154800640503;
			productRefGroup = BE9D0DB22A64154800640503 /* Products */;
			projectDirPath = "";
			projectRoot = "";
			targets = (
				BE9D0DB02A64154800640503 /* EssentialApp */,
				BE9D0DC62A64154A00640503 /* EssentialAppTests */,
			);
		};
/* End PBXProject section */

/* Begin PBXResourcesBuildPhase section */
		BE9D0DAF2A64154800640503 /* Resources */ = {
			isa = PBXResourcesBuildPhase;
			buildActionMask = 2147483647;
			files = (
				BE9D0DC12A64154900640503 /* LaunchScreen.storyboard in Resources */,
				BE9D0DBE2A64154900640503 /* Assets.xcassets in Resources */,
			);
			runOnlyForDeploymentPostprocessing = 0;
		};
		BE9D0DC52A64154A00640503 /* Resources */ = {
			isa = PBXResourcesBuildPhase;
			buildActionMask = 2147483647;
			files = (
			);
			runOnlyForDeploymentPostprocessing = 0;
		};
/* End PBXResourcesBuildPhase section */

/* Begin PBXSourcesBuildPhase section */
		BE9D0DAD2A64154800640503 /* Sources */ = {
			isa = PBXSourcesBuildPhase;
			buildActionMask = 2147483647;
			files = (
				BE29DE4D2A644A5A0092FA70 /* FeedUIComposer.swift in Sources */,
				BE9D0DB52A64154800640503 /* AppDelegate.swift in Sources */,
				BE29DE682A645DD50092FA70 /* CombineHelpers.swift in Sources */,
				BE4559AE2A65F8DA00A9B4F1 /* NullStore.swift in Sources */,
				BE9D0DB72A64154800640503 /* SceneDelegate.swift in Sources */,
				BE4559352A65CFE400A9B4F1 /* LoadResourcePresentationAdapter.swift in Sources */,
				BE29DE572A644AD40092FA70 /* WeakRefVirtualProxy.swift in Sources */,
				BE29DE532A644AAE0092FA70 /* FeedViewAdapter.swift in Sources */,
				BE45599A2A65F07100A9B4F1 /* CommentsUIComposer.swift in Sources */,
			);
			runOnlyForDeploymentPostprocessing = 0;
		};
		BE9D0DC32A64154A00640503 /* Sources */ = {
			isa = PBXSourcesBuildPhase;
			buildActionMask = 2147483647;
			files = (
				BE29DE6C2A646D410092FA70 /* FeedUIIntegrationTests+LoaderSpy.swift in Sources */,
				BE45599C2A65F0E300A9B4F1 /* CommentsUIIntegrationTests.swift in Sources */,
				BE9D0E312A6436F100640503 /* SceneDelegateTests.swift in Sources */,
				BE9D0E492A6438C000640503 /* UIControl+TestHelpers.swift in Sources */,
				BE29DE642A6452F50092FA70 /* FeedUIIntegrationTests+Assertions.swift in Sources */,
				BE9D0DF12A641B7E00640503 /* SharedTestHelpers.swift in Sources */,
				BE9D0E372A64376F00640503 /* FeedImageCell+TestHelpers.swift in Sources */,
				BE9D0E4B2A6438C000640503 /* UIImage+TestHelpers.swift in Sources */,
				BE9D0E482A6438C000640503 /* UIButton+TestHelpers.swift in Sources */,
				BE29DE6A2A6460CA0092FA70 /* FeedUIIntegrationTests.swift in Sources */,
				BE9D0DEF2A641B6E00640503 /* XCTestCase+MemoryLeakTracking.swift in Sources */,
				BE9D0E2D2A64362400640503 /* FeedAcceptanceTests.swift in Sources */,
				BE9D0E412A64388000640503 /* HTTPClientStub.swift in Sources */,
				BE29DE662A64530E0092FA70 /* UIView+TestHelpers.swift in Sources */,
				BE9D0E4A2A6438C000640503 /* UIRefreshControl+TestHelpers.swift in Sources */,
				BE9D0E432A64389200640503 /* InMemoryFeedStore.swift in Sources */,
				BE45599E2A65F17500A9B4F1 /* ListViewController+TestHelpers.swift in Sources */,
			);
			runOnlyForDeploymentPostprocessing = 0;
		};
/* End PBXSourcesBuildPhase section */

/* Begin PBXTargetDependency section */
		BE9D0DC92A64154A00640503 /* PBXTargetDependency */ = {
			isa = PBXTargetDependency;
			target = BE9D0DB02A64154800640503 /* EssentialApp */;
			targetProxy = BE9D0DC82A64154A00640503 /* PBXContainerItemProxy */;
		};
/* End PBXTargetDependency section */

/* Begin PBXVariantGroup section */
		BE9D0DBF2A64154900640503 /* LaunchScreen.storyboard */ = {
			isa = PBXVariantGroup;
			children = (
				BE9D0DC02A64154900640503 /* Base */,
			);
			name = LaunchScreen.storyboard;
			sourceTree = "<group>";
		};
/* End PBXVariantGroup section */

/* Begin XCBuildConfiguration section */
		BE9D0DD92A64154A00640503 /* Debug */ = {
			isa = XCBuildConfiguration;
			buildSettings = {
				ALWAYS_SEARCH_USER_PATHS = NO;
				CLANG_ANALYZER_NONNULL = YES;
				CLANG_ANALYZER_NUMBER_OBJECT_CONVERSION = YES_AGGRESSIVE;
				CLANG_CXX_LANGUAGE_STANDARD = "gnu++20";
				CLANG_ENABLE_MODULES = YES;
				CLANG_ENABLE_OBJC_ARC = YES;
				CLANG_ENABLE_OBJC_WEAK = YES;
				CLANG_WARN_BLOCK_CAPTURE_AUTORELEASING = YES;
				CLANG_WARN_BOOL_CONVERSION = YES;
				CLANG_WARN_COMMA = YES;
				CLANG_WARN_CONSTANT_CONVERSION = YES;
				CLANG_WARN_DEPRECATED_OBJC_IMPLEMENTATIONS = YES;
				CLANG_WARN_DIRECT_OBJC_ISA_USAGE = YES_ERROR;
				CLANG_WARN_DOCUMENTATION_COMMENTS = YES;
				CLANG_WARN_EMPTY_BODY = YES;
				CLANG_WARN_ENUM_CONVERSION = YES;
				CLANG_WARN_INFINITE_RECURSION = YES;
				CLANG_WARN_INT_CONVERSION = YES;
				CLANG_WARN_NON_LITERAL_NULL_CONVERSION = YES;
				CLANG_WARN_OBJC_IMPLICIT_RETAIN_SELF = YES;
				CLANG_WARN_OBJC_LITERAL_CONVERSION = YES;
				CLANG_WARN_OBJC_ROOT_CLASS = YES_ERROR;
				CLANG_WARN_QUOTED_INCLUDE_IN_FRAMEWORK_HEADER = YES;
				CLANG_WARN_RANGE_LOOP_ANALYSIS = YES;
				CLANG_WARN_STRICT_PROTOTYPES = YES;
				CLANG_WARN_SUSPICIOUS_MOVE = YES;
				CLANG_WARN_UNGUARDED_AVAILABILITY = YES_AGGRESSIVE;
				CLANG_WARN_UNREACHABLE_CODE = YES;
				CLANG_WARN__DUPLICATE_METHOD_MATCH = YES;
				COPY_PHASE_STRIP = NO;
				DEBUG_INFORMATION_FORMAT = dwarf;
				ENABLE_STRICT_OBJC_MSGSEND = YES;
				ENABLE_TESTABILITY = YES;
				GCC_C_LANGUAGE_STANDARD = gnu11;
				GCC_DYNAMIC_NO_PIC = NO;
				GCC_NO_COMMON_BLOCKS = YES;
				GCC_OPTIMIZATION_LEVEL = 0;
				GCC_PREPROCESSOR_DEFINITIONS = (
					"DEBUG=1",
					"$(inherited)",
				);
				GCC_WARN_64_TO_32_BIT_CONVERSION = YES;
				GCC_WARN_ABOUT_RETURN_TYPE = YES_ERROR;
				GCC_WARN_UNDECLARED_SELECTOR = YES;
				GCC_WARN_UNINITIALIZED_AUTOS = YES_AGGRESSIVE;
				GCC_WARN_UNUSED_FUNCTION = YES;
				GCC_WARN_UNUSED_VARIABLE = YES;
				IPHONEOS_DEPLOYMENT_TARGET = 16.1;
				MTL_ENABLE_DEBUG_INFO = INCLUDE_SOURCE;
				MTL_FAST_MATH = YES;
				ONLY_ACTIVE_ARCH = YES;
				SDKROOT = iphoneos;
				SWIFT_ACTIVE_COMPILATION_CONDITIONS = DEBUG;
				SWIFT_OPTIMIZATION_LEVEL = "-Onone";
			};
			name = Debug;
		};
		BE9D0DDA2A64154A00640503 /* Release */ = {
			isa = XCBuildConfiguration;
			buildSettings = {
				ALWAYS_SEARCH_USER_PATHS = NO;
				CLANG_ANALYZER_NONNULL = YES;
				CLANG_ANALYZER_NUMBER_OBJECT_CONVERSION = YES_AGGRESSIVE;
				CLANG_CXX_LANGUAGE_STANDARD = "gnu++20";
				CLANG_ENABLE_MODULES = YES;
				CLANG_ENABLE_OBJC_ARC = YES;
				CLANG_ENABLE_OBJC_WEAK = YES;
				CLANG_WARN_BLOCK_CAPTURE_AUTORELEASING = YES;
				CLANG_WARN_BOOL_CONVERSION = YES;
				CLANG_WARN_COMMA = YES;
				CLANG_WARN_CONSTANT_CONVERSION = YES;
				CLANG_WARN_DEPRECATED_OBJC_IMPLEMENTATIONS = YES;
				CLANG_WARN_DIRECT_OBJC_ISA_USAGE = YES_ERROR;
				CLANG_WARN_DOCUMENTATION_COMMENTS = YES;
				CLANG_WARN_EMPTY_BODY = YES;
				CLANG_WARN_ENUM_CONVERSION = YES;
				CLANG_WARN_INFINITE_RECURSION = YES;
				CLANG_WARN_INT_CONVERSION = YES;
				CLANG_WARN_NON_LITERAL_NULL_CONVERSION = YES;
				CLANG_WARN_OBJC_IMPLICIT_RETAIN_SELF = YES;
				CLANG_WARN_OBJC_LITERAL_CONVERSION = YES;
				CLANG_WARN_OBJC_ROOT_CLASS = YES_ERROR;
				CLANG_WARN_QUOTED_INCLUDE_IN_FRAMEWORK_HEADER = YES;
				CLANG_WARN_RANGE_LOOP_ANALYSIS = YES;
				CLANG_WARN_STRICT_PROTOTYPES = YES;
				CLANG_WARN_SUSPICIOUS_MOVE = YES;
				CLANG_WARN_UNGUARDED_AVAILABILITY = YES_AGGRESSIVE;
				CLANG_WARN_UNREACHABLE_CODE = YES;
				CLANG_WARN__DUPLICATE_METHOD_MATCH = YES;
				COPY_PHASE_STRIP = NO;
				DEBUG_INFORMATION_FORMAT = "dwarf-with-dsym";
				ENABLE_NS_ASSERTIONS = NO;
				ENABLE_STRICT_OBJC_MSGSEND = YES;
				GCC_C_LANGUAGE_STANDARD = gnu11;
				GCC_NO_COMMON_BLOCKS = YES;
				GCC_WARN_64_TO_32_BIT_CONVERSION = YES;
				GCC_WARN_ABOUT_RETURN_TYPE = YES_ERROR;
				GCC_WARN_UNDECLARED_SELECTOR = YES;
				GCC_WARN_UNINITIALIZED_AUTOS = YES_AGGRESSIVE;
				GCC_WARN_UNUSED_FUNCTION = YES;
				GCC_WARN_UNUSED_VARIABLE = YES;
				IPHONEOS_DEPLOYMENT_TARGET = 16.1;
				MTL_ENABLE_DEBUG_INFO = NO;
				MTL_FAST_MATH = YES;
				SDKROOT = iphoneos;
				SWIFT_COMPILATION_MODE = wholemodule;
				SWIFT_OPTIMIZATION_LEVEL = "-O";
				VALIDATE_PRODUCT = YES;
			};
			name = Release;
		};
		BE9D0DDC2A64154A00640503 /* Debug */ = {
			isa = XCBuildConfiguration;
			buildSettings = {
				ASSETCATALOG_COMPILER_APPICON_NAME = AppIcon;
				ASSETCATALOG_COMPILER_GLOBAL_ACCENT_COLOR_NAME = AccentColor;
				CODE_SIGN_STYLE = Automatic;
				CURRENT_PROJECT_VERSION = 1;
				DEVELOPMENT_TEAM = J2489GK9WT;
				GENERATE_INFOPLIST_FILE = YES;
				INFOPLIST_FILE = EssentialApp/Info.plist;
				INFOPLIST_KEY_UIApplicationSupportsIndirectInputEvents = YES;
				INFOPLIST_KEY_UILaunchStoryboardName = LaunchScreen;
				INFOPLIST_KEY_UISupportedInterfaceOrientations = UIInterfaceOrientationPortrait;
				LD_RUNPATH_SEARCH_PATHS = (
					"$(inherited)",
					"@executable_path/Frameworks",
				);
				MARKETING_VERSION = 1.0;
				PRODUCT_BUNDLE_IDENTIFIER = com.blahol.EssentialApp;
				PRODUCT_NAME = "$(TARGET_NAME)";
				SWIFT_EMIT_LOC_STRINGS = YES;
				SWIFT_VERSION = 5.0;
				TARGETED_DEVICE_FAMILY = "1,2";
			};
			name = Debug;
		};
		BE9D0DDD2A64154A00640503 /* Release */ = {
			isa = XCBuildConfiguration;
			buildSettings = {
				ASSETCATALOG_COMPILER_APPICON_NAME = AppIcon;
				ASSETCATALOG_COMPILER_GLOBAL_ACCENT_COLOR_NAME = AccentColor;
				CODE_SIGN_STYLE = Automatic;
				CURRENT_PROJECT_VERSION = 1;
				DEVELOPMENT_TEAM = J2489GK9WT;
				GENERATE_INFOPLIST_FILE = YES;
				INFOPLIST_FILE = EssentialApp/Info.plist;
				INFOPLIST_KEY_UIApplicationSupportsIndirectInputEvents = YES;
				INFOPLIST_KEY_UILaunchStoryboardName = LaunchScreen;
				INFOPLIST_KEY_UISupportedInterfaceOrientations = UIInterfaceOrientationPortrait;
				LD_RUNPATH_SEARCH_PATHS = (
					"$(inherited)",
					"@executable_path/Frameworks",
				);
				MARKETING_VERSION = 1.0;
				PRODUCT_BUNDLE_IDENTIFIER = com.blahol.EssentialApp;
				PRODUCT_NAME = "$(TARGET_NAME)";
				SWIFT_EMIT_LOC_STRINGS = YES;
				SWIFT_VERSION = 5.0;
				TARGETED_DEVICE_FAMILY = "1,2";
			};
			name = Release;
		};
		BE9D0DDF2A64154A00640503 /* Debug */ = {
			isa = XCBuildConfiguration;
			buildSettings = {
				ALWAYS_EMBED_SWIFT_STANDARD_LIBRARIES = YES;
				BUNDLE_LOADER = "$(TEST_HOST)";
				CLANG_ENABLE_MODULES = YES;
				CODE_SIGN_STYLE = Automatic;
				CURRENT_PROJECT_VERSION = 1;
				DEVELOPMENT_TEAM = J2489GK9WT;
				GENERATE_INFOPLIST_FILE = YES;
				IPHONEOS_DEPLOYMENT_TARGET = 16.4;
				MARKETING_VERSION = 1.0;
				PRODUCT_BUNDLE_IDENTIFIER = com.blahol.EssentialAppTests;
				PRODUCT_NAME = "$(TARGET_NAME)";
				SWIFT_EMIT_LOC_STRINGS = NO;
				SWIFT_OBJC_BRIDGING_HEADER = "EssentialAppTests/Helpers/EssentialAppTests-Bridging-Header.h";
				SWIFT_OPTIMIZATION_LEVEL = "-Onone";
				SWIFT_VERSION = 5.0;
				TARGETED_DEVICE_FAMILY = "1,2";
				TEST_HOST = "$(BUILT_PRODUCTS_DIR)/EssentialApp.app/$(BUNDLE_EXECUTABLE_FOLDER_PATH)/EssentialApp";
			};
			name = Debug;
		};
		BE9D0DE02A64154A00640503 /* Release */ = {
			isa = XCBuildConfiguration;
			buildSettings = {
				ALWAYS_EMBED_SWIFT_STANDARD_LIBRARIES = YES;
				BUNDLE_LOADER = "$(TEST_HOST)";
				CLANG_ENABLE_MODULES = YES;
				CODE_SIGN_STYLE = Automatic;
				CURRENT_PROJECT_VERSION = 1;
				DEVELOPMENT_TEAM = J2489GK9WT;
				GENERATE_INFOPLIST_FILE = YES;
				IPHONEOS_DEPLOYMENT_TARGET = 16.4;
				MARKETING_VERSION = 1.0;
				PRODUCT_BUNDLE_IDENTIFIER = com.blahol.EssentialAppTests;
				PRODUCT_NAME = "$(TARGET_NAME)";
				SWIFT_EMIT_LOC_STRINGS = NO;
				SWIFT_OBJC_BRIDGING_HEADER = "EssentialAppTests/Helpers/EssentialAppTests-Bridging-Header.h";
				SWIFT_VERSION = 5.0;
				TARGETED_DEVICE_FAMILY = "1,2";
				TEST_HOST = "$(BUILT_PRODUCTS_DIR)/EssentialApp.app/$(BUNDLE_EXECUTABLE_FOLDER_PATH)/EssentialApp";
			};
			name = Release;
		};
/* End XCBuildConfiguration section */

/* Begin XCConfigurationList section */
		BE9D0DAC2A64154800640503 /* Build configuration list for PBXProject "EssentialApp" */ = {
			isa = XCConfigurationList;
			buildConfigurations = (
				BE9D0DD92A64154A00640503 /* Debug */,
				BE9D0DDA2A64154A00640503 /* Release */,
			);
			defaultConfigurationIsVisible = 0;
			defaultConfigurationName = Release;
		};
		BE9D0DDB2A64154A00640503 /* Build configuration list for PBXNativeTarget "EssentialApp" */ = {
			isa = XCConfigurationList;
			buildConfigurations = (
				BE9D0DDC2A64154A00640503 /* Debug */,
				BE9D0DDD2A64154A00640503 /* Release */,
			);
			defaultConfigurationIsVisible = 0;
			defaultConfigurationName = Release;
		};
		BE9D0DDE2A64154A00640503 /* Build configuration list for PBXNativeTarget "EssentialAppTests" */ = {
			isa = XCConfigurationList;
			buildConfigurations = (
				BE9D0DDF2A64154A00640503 /* Debug */,
				BE9D0DE02A64154A00640503 /* Release */,
			);
			defaultConfigurationIsVisible = 0;
			defaultConfigurationName = Release;
		};
/* End XCConfigurationList section */
	};
	rootObject = BE9D0DA92A64154800640503 /* Project object */;
}
